// !$*UTF8*$!
{
	archiveVersion = 1;
	classes = {
	};
	objectVersion = 46;
	objects = {

/* Begin PBXBuildFile section */
		CC467F4D1978E8DB00581A31 /* main.m in Sources */ = {isa = PBXBuildFile; fileRef = CC467F4C1978E8DB00581A31 /* main.m */; };
		CC467F501978E8DB00581A31 /* AppDelegate.m in Sources */ = {isa = PBXBuildFile; fileRef = CC467F4F1978E8DB00581A31 /* AppDelegate.m */; };
		CC467F521978E8DB00581A31 /* Images.xcassets in Resources */ = {isa = PBXBuildFile; fileRef = CC467F511978E8DB00581A31 /* Images.xcassets */; };
		CC467F551978E8DB00581A31 /* MainMenu.xib in Resources */ = {isa = PBXBuildFile; fileRef = CC467F531978E8DB00581A31 /* MainMenu.xib */; };
		CC467F611978E8DB00581A31 /* HomeKitBridgeTests.m in Sources */ = {isa = PBXBuildFile; fileRef = CC467F601978E8DB00581A31 /* HomeKitBridgeTests.m */; };
		CC7CA81519790B9F001033F9 /* OTIWindow.m in Sources */ = {isa = PBXBuildFile; fileRef = CC7CA81419790B9F001033F9 /* OTIWindow.m */; };
		CC7CA81819790C51001033F9 /* OTIContainerView.m in Sources */ = {isa = PBXBuildFile; fileRef = CC7CA81719790C51001033F9 /* OTIContainerView.m */; };
		CC7CA81C1979106C001033F9 /* OTIContentController.m in Sources */ = {isa = PBXBuildFile; fileRef = CC7CA81B1979106C001033F9 /* OTIContentController.m */; };
		CC7CA81F197910A3001033F9 /* NSBezierPath+BezierPathQuartzUtilities.m in Sources */ = {isa = PBXBuildFile; fileRef = CC7CA81E197910A3001033F9 /* NSBezierPath+BezierPathQuartzUtilities.m */; };
		CC7CA824197922DA001033F9 /* OTIHAPCore.m in Sources */ = {isa = PBXBuildFile; fileRef = CC7CA823197922DA001033F9 /* OTIHAPCore.m */; };
		CC7CA82C197927A3001033F9 /* HueSDK_OSX.framework in Frameworks */ = {isa = PBXBuildFile; fileRef = CC7CA8251979275D001033F9 /* HueSDK_OSX.framework */; };
		CC7CA82D197927A3001033F9 /* SystemConfiguration.framework in Frameworks */ = {isa = PBXBuildFile; fileRef = CC7CA82919792783001033F9 /* SystemConfiguration.framework */; };
		CC7CA82E197927A3001033F9 /* Cocoa.framework in Frameworks */ = {isa = PBXBuildFile; fileRef = CC7CA8271979277E001033F9 /* Cocoa.framework */; };
		CC7CA831197927B1001033F9 /* SimpleHue.m in Sources */ = {isa = PBXBuildFile; fileRef = CC7CA830197927B1001033F9 /* SimpleHue.m */; };
		CC7CA84219792962001033F9 /* DDAbstractDatabaseLogger.m in Sources */ = {isa = PBXBuildFile; fileRef = CC7CA83419792962001033F9 /* DDAbstractDatabaseLogger.m */; };
		CC7CA84319792962001033F9 /* DDASLLogger.m in Sources */ = {isa = PBXBuildFile; fileRef = CC7CA83619792962001033F9 /* DDASLLogger.m */; };
		CC7CA84419792962001033F9 /* DDFileLogger.m in Sources */ = {isa = PBXBuildFile; fileRef = CC7CA83819792962001033F9 /* DDFileLogger.m */; };
		CC7CA84519792962001033F9 /* DDLog.m in Sources */ = {isa = PBXBuildFile; fileRef = CC7CA83A19792962001033F9 /* DDLog.m */; };
		CC7CA84619792962001033F9 /* DDTTYLogger.m in Sources */ = {isa = PBXBuildFile; fileRef = CC7CA83C19792962001033F9 /* DDTTYLogger.m */; };
		CC7CA84719792962001033F9 /* ContextFilterLogFormatter.m in Sources */ = {isa = PBXBuildFile; fileRef = CC7CA83F19792962001033F9 /* ContextFilterLogFormatter.m */; };
		CC7CA84819792962001033F9 /* DispatchQueueLogFormatter.m in Sources */ = {isa = PBXBuildFile; fileRef = CC7CA84119792962001033F9 /* DispatchQueueLogFormatter.m */; };
		CC7CA84A19792E3D001033F9 /* HueSDK_OSX.framework in Embed Frameworks */ = {isa = PBXBuildFile; fileRef = CC7CA8251979275D001033F9 /* HueSDK_OSX.framework */; settings = {ATTRIBUTES = (CodeSignOnCopy, ); }; };
		CC7CA85019793B24001033F9 /* HueLight.m in Sources */ = {isa = PBXBuildFile; fileRef = CC7CA84F19793B24001033F9 /* HueLight.m */; };
		CCA59FE619A27A36003725CC /* HAPAccessoryKit.framework in Frameworks */ = {isa = PBXBuildFile; fileRef = CCA59FE519A27A36003725CC /* HAPAccessoryKit.framework */; };
/* End PBXBuildFile section */

/* Begin PBXContainerItemProxy section */
		CC467F5B1978E8DB00581A31 /* PBXContainerItemProxy */ = {
			isa = PBXContainerItemProxy;
			containerPortal = CC467F3F1978E8DB00581A31 /* Project object */;
			proxyType = 1;
			remoteGlobalIDString = CC467F461978E8DB00581A31;
			remoteInfo = HomeKitBridge;
		};
		CC467F6A1978E8EE00581A31 /* PBXContainerItemProxy */ = {
			isa = PBXContainerItemProxy;
			containerPortal = CC467F3F1978E8DB00581A31 /* Project object */;
			proxyType = 1;
			remoteGlobalIDString = CC467F461978E8DB00581A31;
			remoteInfo = HomeKitBridge;
		};
		CC467F6C1978E8F200581A31 /* PBXContainerItemProxy */ = {
			isa = PBXContainerItemProxy;
			containerPortal = CC467F3F1978E8DB00581A31 /* Project object */;
			proxyType = 1;
			remoteGlobalIDString = CC467F461978E8DB00581A31;
			remoteInfo = HomeKitBridge;
		};
		CC467FCA1978ECBD00581A31 /* PBXContainerItemProxy */ = {
			isa = PBXContainerItemProxy;
			containerPortal = CC467F3F1978E8DB00581A31 /* Project object */;
			proxyType = 1;
			remoteGlobalIDString = CC467F461978E8DB00581A31;
			remoteInfo = HomeKitBridge;
		};
		CC467FCC1978ECBE00581A31 /* PBXContainerItemProxy */ = {
			isa = PBXContainerItemProxy;
			containerPortal = CC467F3F1978E8DB00581A31 /* Project object */;
			proxyType = 1;
			remoteGlobalIDString = CC467F461978E8DB00581A31;
			remoteInfo = HomeKitBridge;
		};
/* End PBXContainerItemProxy section */

/* Begin PBXCopyFilesBuildPhase section */
		CC7CA84B19792E3E001033F9 /* Embed Frameworks */ = {
			isa = PBXCopyFilesBuildPhase;
			buildActionMask = 2147483647;
			dstPath = "";
			dstSubfolderSpec = 10;
			files = (
				CC7CA84A19792E3D001033F9 /* HueSDK_OSX.framework in Embed Frameworks */,
			);
			name = "Embed Frameworks";
			runOnlyForDeploymentPostprocessing = 0;
		};
/* End PBXCopyFilesBuildPhase section */

/* Begin PBXFileReference section */
		CC467F471978E8DB00581A31 /* HomeKitBridge.app */ = {isa = PBXFileReference; explicitFileType = wrapper.application; includeInIndex = 0; path = HomeKitBridge.app; sourceTree = BUILT_PRODUCTS_DIR; };
		CC467F4B1978E8DB00581A31 /* Info.plist */ = {isa = PBXFileReference; lastKnownFileType = text.plist.xml; path = Info.plist; sourceTree = "<group>"; };
		CC467F4C1978E8DB00581A31 /* main.m */ = {isa = PBXFileReference; lastKnownFileType = sourcecode.c.objc; path = main.m; sourceTree = "<group>"; };
		CC467F4E1978E8DB00581A31 /* AppDelegate.h */ = {isa = PBXFileReference; lastKnownFileType = sourcecode.c.h; path = AppDelegate.h; sourceTree = "<group>"; };
		CC467F4F1978E8DB00581A31 /* AppDelegate.m */ = {isa = PBXFileReference; lastKnownFileType = sourcecode.c.objc; path = AppDelegate.m; sourceTree = "<group>"; };
		CC467F511978E8DB00581A31 /* Images.xcassets */ = {isa = PBXFileReference; lastKnownFileType = folder.assetcatalog; path = Images.xcassets; sourceTree = "<group>"; };
		CC467F541978E8DB00581A31 /* Base */ = {isa = PBXFileReference; lastKnownFileType = file.xib; name = Base; path = Base.lproj/MainMenu.xib; sourceTree = "<group>"; };
		CC467F5A1978E8DB00581A31 /* HomeKitBridgeTests.xctest */ = {isa = PBXFileReference; explicitFileType = wrapper.cfbundle; includeInIndex = 0; path = HomeKitBridgeTests.xctest; sourceTree = BUILT_PRODUCTS_DIR; };
		CC467F5F1978E8DB00581A31 /* Info.plist */ = {isa = PBXFileReference; lastKnownFileType = text.plist.xml; path = Info.plist; sourceTree = "<group>"; };
		CC467F601978E8DB00581A31 /* HomeKitBridgeTests.m */ = {isa = PBXFileReference; lastKnownFileType = sourcecode.c.objc; path = HomeKitBridgeTests.m; sourceTree = "<group>"; };
		CC7CA81319790B9F001033F9 /* OTIWindow.h */ = {isa = PBXFileReference; fileEncoding = 4; lastKnownFileType = sourcecode.c.h; path = OTIWindow.h; sourceTree = "<group>"; };
		CC7CA81419790B9F001033F9 /* OTIWindow.m */ = {isa = PBXFileReference; fileEncoding = 4; lastKnownFileType = sourcecode.c.objc; path = OTIWindow.m; sourceTree = "<group>"; };
		CC7CA81619790C51001033F9 /* OTIContainerView.h */ = {isa = PBXFileReference; fileEncoding = 4; lastKnownFileType = sourcecode.c.h; path = OTIContainerView.h; sourceTree = "<group>"; };
		CC7CA81719790C51001033F9 /* OTIContainerView.m */ = {isa = PBXFileReference; fileEncoding = 4; lastKnownFileType = sourcecode.c.objc; path = OTIContainerView.m; sourceTree = "<group>"; };
		CC7CA81A1979106C001033F9 /* OTIContentController.h */ = {isa = PBXFileReference; fileEncoding = 4; lastKnownFileType = sourcecode.c.h; path = OTIContentController.h; sourceTree = "<group>"; };
		CC7CA81B1979106C001033F9 /* OTIContentController.m */ = {isa = PBXFileReference; fileEncoding = 4; lastKnownFileType = sourcecode.c.objc; path = OTIContentController.m; sourceTree = "<group>"; };
		CC7CA81D197910A3001033F9 /* NSBezierPath+BezierPathQuartzUtilities.h */ = {isa = PBXFileReference; fileEncoding = 4; lastKnownFileType = sourcecode.c.h; path = "NSBezierPath+BezierPathQuartzUtilities.h"; sourceTree = "<group>"; };
		CC7CA81E197910A3001033F9 /* NSBezierPath+BezierPathQuartzUtilities.m */ = {isa = PBXFileReference; fileEncoding = 4; lastKnownFileType = sourcecode.c.objc; path = "NSBezierPath+BezierPathQuartzUtilities.m"; sourceTree = "<group>"; };
		CC7CA822197922DA001033F9 /* OTIHAPCore.h */ = {isa = PBXFileReference; fileEncoding = 4; lastKnownFileType = sourcecode.c.h; path = OTIHAPCore.h; sourceTree = "<group>"; };
		CC7CA823197922DA001033F9 /* OTIHAPCore.m */ = {isa = PBXFileReference; fileEncoding = 4; lastKnownFileType = sourcecode.c.objc; path = OTIHAPCore.m; sourceTree = "<group>"; };
		CC7CA8251979275D001033F9 /* HueSDK_OSX.framework */ = {isa = PBXFileReference; lastKnownFileType = wrapper.framework; name = HueSDK_OSX.framework; path = HomeKitBridge/HueSDK_OSX.framework; sourceTree = "<group>"; };
		CC7CA8271979277E001033F9 /* Cocoa.framework */ = {isa = PBXFileReference; lastKnownFileType = wrapper.framework; name = Cocoa.framework; path = System/Library/Frameworks/Cocoa.framework; sourceTree = SDKROOT; };
		CC7CA82919792783001033F9 /* SystemConfiguration.framework */ = {isa = PBXFileReference; lastKnownFileType = wrapper.framework; name = SystemConfiguration.framework; path = System/Library/Frameworks/SystemConfiguration.framework; sourceTree = SDKROOT; };
		CC7CA82F197927B1001033F9 /* SimpleHue.h */ = {isa = PBXFileReference; fileEncoding = 4; lastKnownFileType = sourcecode.c.h; path = SimpleHue.h; sourceTree = "<group>"; };
		CC7CA830197927B1001033F9 /* SimpleHue.m */ = {isa = PBXFileReference; fileEncoding = 4; lastKnownFileType = sourcecode.c.objc; path = SimpleHue.m; sourceTree = "<group>"; };
		CC7CA83319792962001033F9 /* DDAbstractDatabaseLogger.h */ = {isa = PBXFileReference; fileEncoding = 4; lastKnownFileType = sourcecode.c.h; path = DDAbstractDatabaseLogger.h; sourceTree = "<group>"; };
		CC7CA83419792962001033F9 /* DDAbstractDatabaseLogger.m */ = {isa = PBXFileReference; fileEncoding = 4; lastKnownFileType = sourcecode.c.objc; path = DDAbstractDatabaseLogger.m; sourceTree = "<group>"; };
		CC7CA83519792962001033F9 /* DDASLLogger.h */ = {isa = PBXFileReference; fileEncoding = 4; lastKnownFileType = sourcecode.c.h; path = DDASLLogger.h; sourceTree = "<group>"; };
		CC7CA83619792962001033F9 /* DDASLLogger.m */ = {isa = PBXFileReference; fileEncoding = 4; lastKnownFileType = sourcecode.c.objc; path = DDASLLogger.m; sourceTree = "<group>"; };
		CC7CA83719792962001033F9 /* DDFileLogger.h */ = {isa = PBXFileReference; fileEncoding = 4; lastKnownFileType = sourcecode.c.h; path = DDFileLogger.h; sourceTree = "<group>"; };
		CC7CA83819792962001033F9 /* DDFileLogger.m */ = {isa = PBXFileReference; fileEncoding = 4; lastKnownFileType = sourcecode.c.objc; path = DDFileLogger.m; sourceTree = "<group>"; };
		CC7CA83919792962001033F9 /* DDLog.h */ = {isa = PBXFileReference; fileEncoding = 4; lastKnownFileType = sourcecode.c.h; path = DDLog.h; sourceTree = "<group>"; };
		CC7CA83A19792962001033F9 /* DDLog.m */ = {isa = PBXFileReference; fileEncoding = 4; lastKnownFileType = sourcecode.c.objc; path = DDLog.m; sourceTree = "<group>"; };
		CC7CA83B19792962001033F9 /* DDTTYLogger.h */ = {isa = PBXFileReference; fileEncoding = 4; lastKnownFileType = sourcecode.c.h; path = DDTTYLogger.h; sourceTree = "<group>"; };
		CC7CA83C19792962001033F9 /* DDTTYLogger.m */ = {isa = PBXFileReference; fileEncoding = 4; lastKnownFileType = sourcecode.c.objc; path = DDTTYLogger.m; sourceTree = "<group>"; };
		CC7CA83E19792962001033F9 /* ContextFilterLogFormatter.h */ = {isa = PBXFileReference; fileEncoding = 4; lastKnownFileType = sourcecode.c.h; path = ContextFilterLogFormatter.h; sourceTree = "<group>"; };
		CC7CA83F19792962001033F9 /* ContextFilterLogFormatter.m */ = {isa = PBXFileReference; fileEncoding = 4; lastKnownFileType = sourcecode.c.objc; path = ContextFilterLogFormatter.m; sourceTree = "<group>"; };
		CC7CA84019792962001033F9 /* DispatchQueueLogFormatter.h */ = {isa = PBXFileReference; fileEncoding = 4; lastKnownFileType = sourcecode.c.h; path = DispatchQueueLogFormatter.h; sourceTree = "<group>"; };
		CC7CA84119792962001033F9 /* DispatchQueueLogFormatter.m */ = {isa = PBXFileReference; fileEncoding = 4; lastKnownFileType = sourcecode.c.objc; path = DispatchQueueLogFormatter.m; sourceTree = "<group>"; };
		CC7CA84E19793B24001033F9 /* HueLight.h */ = {isa = PBXFileReference; fileEncoding = 4; lastKnownFileType = sourcecode.c.h; path = HueLight.h; sourceTree = "<group>"; };
		CC7CA84F19793B24001033F9 /* HueLight.m */ = {isa = PBXFileReference; fileEncoding = 4; lastKnownFileType = sourcecode.c.objc; path = HueLight.m; sourceTree = "<group>"; };
		CC81AF7C19A63B1D006DB885 /* HAKAccessory.h */ = {isa = PBXFileReference; lastKnownFileType = sourcecode.c.h; path = HAKAccessory.h; sourceTree = "<group>"; };
		CC81AF7D19A63B1D006DB885 /* HAKAccessoryDelegate.h */ = {isa = PBXFileReference; lastKnownFileType = sourcecode.c.h; path = HAKAccessoryDelegate.h; sourceTree = "<group>"; };
		CC81AF7E19A63B1D006DB885 /* HAKAccessoryInformationService.h */ = {isa = PBXFileReference; lastKnownFileType = sourcecode.c.h; path = HAKAccessoryInformationService.h; sourceTree = "<group>"; };
		CC81AF7F19A63B1D006DB885 /* HAKAccessoryKeychainObject.h */ = {isa = PBXFileReference; lastKnownFileType = sourcecode.c.h; path = HAKAccessoryKeychainObject.h; sourceTree = "<group>"; };
		CC81AF8019A63B1D006DB885 /* HAKAdministratorOnlyAccessCharacteristic.h */ = {isa = PBXFileReference; lastKnownFileType = sourcecode.c.h; path = HAKAdministratorOnlyAccessCharacteristic.h; sourceTree = "<group>"; };
		CC81AF8119A63B1D006DB885 /* HAKArrayCharacteristic.h */ = {isa = PBXFileReference; lastKnownFileType = sourcecode.c.h; path = HAKArrayCharacteristic.h; sourceTree = "<group>"; };
		CC81AF8219A63B1D006DB885 /* HAKAudioFeedbackCharacteristic.h */ = {isa = PBXFileReference; lastKnownFileType = sourcecode.c.h; path = HAKAudioFeedbackCharacteristic.h; sourceTree = "<group>"; };
		CC81AF8319A63B1D006DB885 /* HAKBoolCharacteristic.h */ = {isa = PBXFileReference; lastKnownFileType = sourcecode.c.h; path = HAKBoolCharacteristic.h; sourceTree = "<group>"; };
		CC81AF8419A63B1D006DB885 /* HAKBrightnessCharacteristic.h */ = {isa = PBXFileReference; lastKnownFileType = sourcecode.c.h; path = HAKBrightnessCharacteristic.h; sourceTree = "<group>"; };
		CC81AF8519A63B1D006DB885 /* HAKChaCha20.h */ = {isa = PBXFileReference; lastKnownFileType = sourcecode.c.h; path = HAKChaCha20.h; sourceTree = "<group>"; };
		CC81AF8619A63B1D006DB885 /* HAKChaCha20Poly1305.h */ = {isa = PBXFileReference; lastKnownFileType = sourcecode.c.h; path = HAKChaCha20Poly1305.h; sourceTree = "<group>"; };
		CC81AF8719A63B1D006DB885 /* HAKChaChaPolyData.h */ = {isa = PBXFileReference; lastKnownFileType = sourcecode.c.h; path = HAKChaChaPolyData.h; sourceTree = "<group>"; };
		CC81AF8819A63B1D006DB885 /* HAKCharacteristic.h */ = {isa = PBXFileReference; lastKnownFileType = sourcecode.c.h; path = HAKCharacteristic.h; sourceTree = "<group>"; };
		CC81AF8919A63B1D006DB885 /* HAKClassVersion.h */ = {isa = PBXFileReference; lastKnownFileType = sourcecode.c.h; path = HAKClassVersion.h; sourceTree = "<group>"; };
		CC81AF8A19A63B1D006DB885 /* HAKConnection.h */ = {isa = PBXFileReference; lastKnownFileType = sourcecode.c.h; path = HAKConnection.h; sourceTree = "<group>"; };
		CC81AF8B19A63B1D006DB885 /* HAKControllerKeychainObject.h */ = {isa = PBXFileReference; lastKnownFileType = sourcecode.c.h; path = HAKControllerKeychainObject.h; sourceTree = "<group>"; };
		CC81AF8C19A63B1D006DB885 /* HAKCoolingThresholdTemperatureCharacteristic.h */ = {isa = PBXFileReference; lastKnownFileType = sourcecode.c.h; path = HAKCoolingThresholdTemperatureCharacteristic.h; sourceTree = "<group>"; };
		CC81AF8D19A63B1D006DB885 /* HAKCurrentDoorStateCharacteristic.h */ = {isa = PBXFileReference; lastKnownFileType = sourcecode.c.h; path = HAKCurrentDoorStateCharacteristic.h; sourceTree = "<group>"; };
		CC81AF8E19A63B1D006DB885 /* HAKCurrentHeatingCoolingModeCharacteristic.h */ = {isa = PBXFileReference; lastKnownFileType = sourcecode.c.h; path = HAKCurrentHeatingCoolingModeCharacteristic.h; sourceTree = "<group>"; };
		CC81AF8F19A63B1D006DB885 /* HAKCurrentRelativeHumidityCharacteristic.h */ = {isa = PBXFileReference; lastKnownFileType = sourcecode.c.h; path = HAKCurrentRelativeHumidityCharacteristic.h; sourceTree = "<group>"; };
		CC81AF9019A63B1D006DB885 /* HAKCurrentTemperatureCharacteristic.h */ = {isa = PBXFileReference; lastKnownFileType = sourcecode.c.h; path = HAKCurrentTemperatureCharacteristic.h; sourceTree = "<group>"; };
		CC81AF9119A63B1D006DB885 /* HAKCurve25519.h */ = {isa = PBXFileReference; lastKnownFileType = sourcecode.c.h; path = HAKCurve25519.h; sourceTree = "<group>"; };
		CC81AF9219A63B1D006DB885 /* HAKDataCharacteristic.h */ = {isa = PBXFileReference; lastKnownFileType = sourcecode.c.h; path = HAKDataCharacteristic.h; sourceTree = "<group>"; };
		CC81AF9319A63B1D006DB885 /* HAKDateCharacteristic.h */ = {isa = PBXFileReference; lastKnownFileType = sourcecode.c.h; path = HAKDateCharacteristic.h; sourceTree = "<group>"; };
		CC81AF9419A63B1D006DB885 /* HAKDeprecated.h */ = {isa = PBXFileReference; lastKnownFileType = sourcecode.c.h; path = HAKDeprecated.h; sourceTree = "<group>"; };
		CC81AF9519A63B1D006DB885 /* HAKDictionaryCharacteristic.h */ = {isa = PBXFileReference; lastKnownFileType = sourcecode.c.h; path = HAKDictionaryCharacteristic.h; sourceTree = "<group>"; };
		CC81AF9619A63B1D006DB885 /* HAKFloatCharacteristic.h */ = {isa = PBXFileReference; lastKnownFileType = sourcecode.c.h; path = HAKFloatCharacteristic.h; sourceTree = "<group>"; };
		CC81AF9719A63B1D006DB885 /* HAKGarageDoorOpenerService.h */ = {isa = PBXFileReference; lastKnownFileType = sourcecode.c.h; path = HAKGarageDoorOpenerService.h; sourceTree = "<group>"; };
		CC81AF9819A63B1D006DB885 /* HAKHeatingThresholdTemperatureCharacteristic.h */ = {isa = PBXFileReference; lastKnownFileType = sourcecode.c.h; path = HAKHeatingThresholdTemperatureCharacteristic.h; sourceTree = "<group>"; };
		CC81AF9919A63B1D006DB885 /* HAKHKDF.h */ = {isa = PBXFileReference; lastKnownFileType = sourcecode.c.h; path = HAKHKDF.h; sourceTree = "<group>"; };
		CC81AF9A19A63B1D006DB885 /* HAKHTTPConnection.h */ = {isa = PBXFileReference; lastKnownFileType = sourcecode.c.h; path = HAKHTTPConnection.h; sourceTree = "<group>"; };
		CC81AF9B19A63B1D006DB885 /* HAKHTTPConnectionDelegate.h */ = {isa = PBXFileReference; lastKnownFileType = sourcecode.c.h; path = HAKHTTPConnectionDelegate.h; sourceTree = "<group>"; };
		CC81AF9C19A63B1D006DB885 /* HAKHTTPMessage.h */ = {isa = PBXFileReference; lastKnownFileType = sourcecode.c.h; path = HAKHTTPMessage.h; sourceTree = "<group>"; };
		CC81AF9D19A63B1D006DB885 /* HAKHTTPRequestMessage.h */ = {isa = PBXFileReference; lastKnownFileType = sourcecode.c.h; path = HAKHTTPRequestMessage.h; sourceTree = "<group>"; };
		CC81AF9E19A63B1D006DB885 /* HAKHTTPResponseMessage.h */ = {isa = PBXFileReference; lastKnownFileType = sourcecode.c.h; path = HAKHTTPResponseMessage.h; sourceTree = "<group>"; };
		CC81AF9F19A63B1D006DB885 /* HAKHueCharacteristic.h */ = {isa = PBXFileReference; lastKnownFileType = sourcecode.c.h; path = HAKHueCharacteristic.h; sourceTree = "<group>"; };
		CC81AFA019A63B1D006DB885 /* HAKIdentifyCharacteristic.h */ = {isa = PBXFileReference; lastKnownFileType = sourcecode.c.h; path = HAKIdentifyCharacteristic.h; sourceTree = "<group>"; };
		CC81AFA119A63B1D006DB885 /* HAKInstanceIDPool.h */ = {isa = PBXFileReference; lastKnownFileType = sourcecode.c.h; path = HAKInstanceIDPool.h; sourceTree = "<group>"; };
		CC81AFA219A63B1D006DB885 /* HAKIntegerCharacteristic.h */ = {isa = PBXFileReference; lastKnownFileType = sourcecode.c.h; path = HAKIntegerCharacteristic.h; sourceTree = "<group>"; };
		CC81AFA319A63B1D006DB885 /* HAKIPTransport.h */ = {isa = PBXFileReference; lastKnownFileType = sourcecode.c.h; path = HAKIPTransport.h; sourceTree = "<group>"; };
		CC81AFA419A63B1D006DB885 /* HAKKeychainKey.h */ = {isa = PBXFileReference; lastKnownFileType = sourcecode.c.h; path = HAKKeychainKey.h; sourceTree = "<group>"; };
		CC81AFA519A63B1D006DB885 /* HAKKeychainService.h */ = {isa = PBXFileReference; lastKnownFileType = sourcecode.c.h; path = HAKKeychainService.h; sourceTree = "<group>"; };
		CC81AFA619A63B1D006DB885 /* HAKLightBulbService.h */ = {isa = PBXFileReference; lastKnownFileType = sourcecode.c.h; path = HAKLightBulbService.h; sourceTree = "<group>"; };
		CC81AFA719A63B1D006DB885 /* HAKLockManagementAutoSecureTimeoutCharacteristic.h */ = {isa = PBXFileReference; lastKnownFileType = sourcecode.c.h; path = HAKLockManagementAutoSecureTimeoutCharacteristic.h; sourceTree = "<group>"; };
		CC81AFA819A63B1D006DB885 /* HAKLockManagementControlPointCharacteristic.h */ = {isa = PBXFileReference; lastKnownFileType = sourcecode.c.h; path = HAKLockManagementControlPointCharacteristic.h; sourceTree = "<group>"; };
		CC81AFA919A63B1D006DB885 /* HAKLockManagementService.h */ = {isa = PBXFileReference; lastKnownFileType = sourcecode.c.h; path = HAKLockManagementService.h; sourceTree = "<group>"; };
		CC81AFAA19A63B1D006DB885 /* HAKLockMechanismCurrentStateCharacteristic.h */ = {isa = PBXFileReference; lastKnownFileType = sourcecode.c.h; path = HAKLockMechanismCurrentStateCharacteristic.h; sourceTree = "<group>"; };
		CC81AFAB19A63B1D006DB885 /* HAKLockMechanismLastKnownActionCharacteristic.h */ = {isa = PBXFileReference; lastKnownFileType = sourcecode.c.h; path = HAKLockMechanismLastKnownActionCharacteristic.h; sourceTree = "<group>"; };
		CC81AFAC19A63B1D006DB885 /* HAKLockMechanismService.h */ = {isa = PBXFileReference; lastKnownFileType = sourcecode.c.h; path = HAKLockMechanismService.h; sourceTree = "<group>"; };
		CC81AFAD19A63B1D006DB885 /* HAKLockMechanismTargetStateCharacteristic.h */ = {isa = PBXFileReference; lastKnownFileType = sourcecode.c.h; path = HAKLockMechanismTargetStateCharacteristic.h; sourceTree = "<group>"; };
		CC81AFAE19A63B1D006DB885 /* HAKLogger.h */ = {isa = PBXFileReference; lastKnownFileType = sourcecode.c.h; path = HAKLogger.h; sourceTree = "<group>"; };
		CC81AFAF19A63B1D006DB885 /* HAKLogsCharacteristic.h */ = {isa = PBXFileReference; lastKnownFileType = sourcecode.c.h; path = HAKLogsCharacteristic.h; sourceTree = "<group>"; };
		CC81AFB019A63B1D006DB885 /* HAKManufacturerCharacteristic.h */ = {isa = PBXFileReference; lastKnownFileType = sourcecode.c.h; path = HAKManufacturerCharacteristic.h; sourceTree = "<group>"; };
		CC81AFB119A63B1D006DB885 /* HAKModelCharacteristic.h */ = {isa = PBXFileReference; lastKnownFileType = sourcecode.c.h; path = HAKModelCharacteristic.h; sourceTree = "<group>"; };
		CC81AFB219A63B1D006DB885 /* HAKMotionDetectedCharacteristic.h */ = {isa = PBXFileReference; lastKnownFileType = sourcecode.c.h; path = HAKMotionDetectedCharacteristic.h; sourceTree = "<group>"; };
		CC81AFB319A63B1D006DB885 /* HAKNameCharacteristic.h */ = {isa = PBXFileReference; lastKnownFileType = sourcecode.c.h; path = HAKNameCharacteristic.h; sourceTree = "<group>"; };
		CC81AFB419A63B1D006DB885 /* HAKNetService.h */ = {isa = PBXFileReference; lastKnownFileType = sourcecode.c.h; path = HAKNetService.h; sourceTree = "<group>"; };
		CC81AFB519A63B1D006DB885 /* HAKNumberCharacteristic.h */ = {isa = PBXFileReference; lastKnownFileType = sourcecode.c.h; path = HAKNumberCharacteristic.h; sourceTree = "<group>"; };
		CC81AFB619A63B1D006DB885 /* HAKObstructionDetectedCharacteristic.h */ = {isa = PBXFileReference; lastKnownFileType = sourcecode.c.h; path = HAKObstructionDetectedCharacteristic.h; sourceTree = "<group>"; };
		CC81AFB719A63B1D006DB885 /* HAKOnCharacteristic.h */ = {isa = PBXFileReference; lastKnownFileType = sourcecode.c.h; path = HAKOnCharacteristic.h; sourceTree = "<group>"; };
		CC81AFB819A63B1D006DB885 /* HAKOutletInUseCharacteristic.h */ = {isa = PBXFileReference; lastKnownFileType = sourcecode.c.h; path = HAKOutletInUseCharacteristic.h; sourceTree = "<group>"; };
		CC81AFB919A63B1D006DB885 /* HAKOutletService.h */ = {isa = PBXFileReference; lastKnownFileType = sourcecode.c.h; path = HAKOutletService.h; sourceTree = "<group>"; };
		CC81AFBA19A63B1D006DB885 /* HAKPairingSession.h */ = {isa = PBXFileReference; lastKnownFileType = sourcecode.c.h; path = HAKPairingSession.h; sourceTree = "<group>"; };
		CC81AFBB19A63B1D006DB885 /* HAKPairingSessionDelegate.h */ = {isa = PBXFileReference; lastKnownFileType = sourcecode.c.h; path = HAKPairingSessionDelegate.h; sourceTree = "<group>"; };
		CC81AFBC19A63B1D006DB885 /* HAKPairSetupSession.h */ = {isa = PBXFileReference; lastKnownFileType = sourcecode.c.h; path = HAKPairSetupSession.h; sourceTree = "<group>"; };
		CC81AFBD19A63B1D006DB885 /* HAKPairVerifySession.h */ = {isa = PBXFileReference; lastKnownFileType = sourcecode.c.h; path = HAKPairVerifySession.h; sourceTree = "<group>"; };
		CC81AFBE19A63B1D006DB885 /* HAKPairVerifySessionDelegate.h */ = {isa = PBXFileReference; lastKnownFileType = sourcecode.c.h; path = HAKPairVerifySessionDelegate.h; sourceTree = "<group>"; };
		CC81AFBF19A63B1D006DB885 /* HAKPoly1305.h */ = {isa = PBXFileReference; lastKnownFileType = sourcecode.c.h; path = HAKPoly1305.h; sourceTree = "<group>"; };
		CC81AFC019A63B1D006DB885 /* HAKSaturationCharacteristic.h */ = {isa = PBXFileReference; lastKnownFileType = sourcecode.c.h; path = HAKSaturationCharacteristic.h; sourceTree = "<group>"; };
		CC81AFC119A63B1D006DB885 /* HAKSecuritySession.h */ = {isa = PBXFileReference; lastKnownFileType = sourcecode.c.h; path = HAKSecuritySession.h; sourceTree = "<group>"; };
		CC81AFC219A63B1D006DB885 /* HAKSecuritySessionPacket.h */ = {isa = PBXFileReference; lastKnownFileType = sourcecode.c.h; path = HAKSecuritySessionPacket.h; sourceTree = "<group>"; };
		CC81AFC319A63B1D006DB885 /* HAKSerialNumberCharacteristic.h */ = {isa = PBXFileReference; lastKnownFileType = sourcecode.c.h; path = HAKSerialNumberCharacteristic.h; sourceTree = "<group>"; };
		CC81AFC419A63B1D006DB885 /* HAKService.h */ = {isa = PBXFileReference; lastKnownFileType = sourcecode.c.h; path = HAKService.h; sourceTree = "<group>"; };
		CC81AFC519A63B1D006DB885 /* HAKServiceDelegate.h */ = {isa = PBXFileReference; lastKnownFileType = sourcecode.c.h; path = HAKServiceDelegate.h; sourceTree = "<group>"; };
		CC81AFC619A63B1D006DB885 /* HAKSocket.h */ = {isa = PBXFileReference; lastKnownFileType = sourcecode.c.h; path = HAKSocket.h; sourceTree = "<group>"; };
		CC81AFC719A63B1D006DB885 /* HAKSocketDelegate.h */ = {isa = PBXFileReference; lastKnownFileType = sourcecode.c.h; path = HAKSocketDelegate.h; sourceTree = "<group>"; };
		CC81AFC819A63B1D006DB885 /* HAKStringCharacteristic.h */ = {isa = PBXFileReference; lastKnownFileType = sourcecode.c.h; path = HAKStringCharacteristic.h; sourceTree = "<group>"; };
		CC81AFC919A63B1D006DB885 /* HAKSwitchService.h */ = {isa = PBXFileReference; lastKnownFileType = sourcecode.c.h; path = HAKSwitchService.h; sourceTree = "<group>"; };
		CC81AFCA19A63B1D006DB885 /* HAKTargetDoorStateCharacteristic.h */ = {isa = PBXFileReference; lastKnownFileType = sourcecode.c.h; path = HAKTargetDoorStateCharacteristic.h; sourceTree = "<group>"; };
		CC81AFCB19A63B1D006DB885 /* HAKTargetHeatingCoolingModeCharacteristic.h */ = {isa = PBXFileReference; lastKnownFileType = sourcecode.c.h; path = HAKTargetHeatingCoolingModeCharacteristic.h; sourceTree = "<group>"; };
		CC81AFCC19A63B1D006DB885 /* HAKTargetRelativeHumidityCharacteristic.h */ = {isa = PBXFileReference; lastKnownFileType = sourcecode.c.h; path = HAKTargetRelativeHumidityCharacteristic.h; sourceTree = "<group>"; };
		CC81AFCD19A63B1D006DB885 /* HAKTargetTemperatureCharacteristic.h */ = {isa = PBXFileReference; lastKnownFileType = sourcecode.c.h; path = HAKTargetTemperatureCharacteristic.h; sourceTree = "<group>"; };
		CC81AFCE19A63B1D006DB885 /* HAKTemperatureUnitsCharacteristic.h */ = {isa = PBXFileReference; lastKnownFileType = sourcecode.c.h; path = HAKTemperatureUnitsCharacteristic.h; sourceTree = "<group>"; };
		CC81AFCF19A63B1D006DB885 /* HAKThermostatService.h */ = {isa = PBXFileReference; lastKnownFileType = sourcecode.c.h; path = HAKThermostatService.h; sourceTree = "<group>"; };
		CC81AFD019A63B1D006DB885 /* HAKTLV8Characteristic.h */ = {isa = PBXFileReference; lastKnownFileType = sourcecode.c.h; path = HAKTLV8Characteristic.h; sourceTree = "<group>"; };
		CC81AFD119A63B1D006DB885 /* HAKTLV8Container.h */ = {isa = PBXFileReference; lastKnownFileType = sourcecode.c.h; path = HAKTLV8Container.h; sourceTree = "<group>"; };
		CC81AFD219A63B1D006DB885 /* HAKTLV8Packet.h */ = {isa = PBXFileReference; lastKnownFileType = sourcecode.c.h; path = HAKTLV8Packet.h; sourceTree = "<group>"; };
		CC81AFD319A63B1D006DB885 /* HAKTransport.h */ = {isa = PBXFileReference; lastKnownFileType = sourcecode.c.h; path = HAKTransport.h; sourceTree = "<group>"; };
		CC81AFD419A63B1D006DB885 /* HAKTransportManager.h */ = {isa = PBXFileReference; lastKnownFileType = sourcecode.c.h; path = HAKTransportManager.h; sourceTree = "<group>"; };
		CC81AFD519A63B1D006DB885 /* HAKUnsignedCharCharacteristic.h */ = {isa = PBXFileReference; lastKnownFileType = sourcecode.c.h; path = HAKUnsignedCharCharacteristic.h; sourceTree = "<group>"; };
		CC81AFD619A63B1D006DB885 /* HAKUnsignedIntCharacteristic.h */ = {isa = PBXFileReference; lastKnownFileType = sourcecode.c.h; path = HAKUnsignedIntCharacteristic.h; sourceTree = "<group>"; };
		CC81AFD719A63B1D006DB885 /* HAKUnsignedLongCharacteristic.h */ = {isa = PBXFileReference; lastKnownFileType = sourcecode.c.h; path = HAKUnsignedLongCharacteristic.h; sourceTree = "<group>"; };
		CC81AFD819A63B1D006DB885 /* HAKUnsignedShortCharacteristic.h */ = {isa = PBXFileReference; lastKnownFileType = sourcecode.c.h; path = HAKUnsignedShortCharacteristic.h; sourceTree = "<group>"; };
		CC81AFD919A63B1D006DB885 /* HAKUUID.h */ = {isa = PBXFileReference; lastKnownFileType = sourcecode.c.h; path = HAKUUID.h; sourceTree = "<group>"; };
		CC81AFDA19A63B1D006DB885 /* HAKVersionCharacteristic.h */ = {isa = PBXFileReference; lastKnownFileType = sourcecode.c.h; path = HAKVersionCharacteristic.h; sourceTree = "<group>"; };
		CC81AFDB19A63B1D006DB885 /* HAKVersionedArchiver.h */ = {isa = PBXFileReference; lastKnownFileType = sourcecode.c.h; path = HAKVersionedArchiver.h; sourceTree = "<group>"; };
		CC81AFDC19A63B1D006DB885 /* HAKVersionedUnarchiver.h */ = {isa = PBXFileReference; lastKnownFileType = sourcecode.c.h; path = HAKVersionedUnarchiver.h; sourceTree = "<group>"; };
		CC81AFDD19A63B1D006DB885 /* HAKVersioning.h */ = {isa = PBXFileReference; lastKnownFileType = sourcecode.c.h; path = HAKVersioning.h; sourceTree = "<group>"; };
		CC81AFDE19A63B1D006DB885 /* NSCoding.h */ = {isa = PBXFileReference; lastKnownFileType = sourcecode.c.h; path = NSCoding.h; sourceTree = "<group>"; };
		CC81AFDF19A63B1D006DB885 /* NSCopying.h */ = {isa = PBXFileReference; lastKnownFileType = sourcecode.c.h; path = NSCopying.h; sourceTree = "<group>"; };
		CC81AFE019A63B1D006DB885 /* NSData-HAKChaChaPoly.h */ = {isa = PBXFileReference; lastKnownFileType = sourcecode.c.h; path = "NSData-HAKChaChaPoly.h"; sourceTree = "<group>"; };
		CC81AFE119A63B1D006DB885 /* NSDictionary-Safe.h */ = {isa = PBXFileReference; lastKnownFileType = sourcecode.c.h; path = "NSDictionary-Safe.h"; sourceTree = "<group>"; };
		CC81AFE219A63B1D006DB885 /* NSError-HAKError.h */ = {isa = PBXFileReference; lastKnownFileType = sourcecode.c.h; path = "NSError-HAKError.h"; sourceTree = "<group>"; };
		CC81AFE319A63B1D006DB885 /* NSKeyedUnarchiverDelegate.h */ = {isa = PBXFileReference; lastKnownFileType = sourcecode.c.h; path = NSKeyedUnarchiverDelegate.h; sourceTree = "<group>"; };
		CC81AFE419A63B1D006DB885 /* NSNetServiceDelegate.h */ = {isa = PBXFileReference; lastKnownFileType = sourcecode.c.h; path = NSNetServiceDelegate.h; sourceTree = "<group>"; };
		CC81AFE519A63B1D006DB885 /* NSObject-Runtime.h */ = {isa = PBXFileReference; lastKnownFileType = sourcecode.c.h; path = "NSObject-Runtime.h"; sourceTree = "<group>"; };
		CC81AFE619A63B1D006DB885 /* NSObject.h */ = {isa = PBXFileReference; lastKnownFileType = sourcecode.c.h; path = NSObject.h; sourceTree = "<group>"; };
		CC81AFE719A63B1D006DB885 /* NSStreamDelegate.h */ = {isa = PBXFileReference; lastKnownFileType = sourcecode.c.h; path = NSStreamDelegate.h; sourceTree = "<group>"; };
		CC81AFE819A63B1D006DB885 /* NSString-NSData.h */ = {isa = PBXFileReference; lastKnownFileType = sourcecode.c.h; path = "NSString-NSData.h"; sourceTree = "<group>"; };
		CC81AFE919A63B1D006DB885 /* NSURL-Query.h */ = {isa = PBXFileReference; lastKnownFileType = sourcecode.c.h; path = "NSURL-Query.h"; sourceTree = "<group>"; };
		CC81AFEA19A63B1D006DB885 /* NSUserDefaults-HAK.h */ = {isa = PBXFileReference; lastKnownFileType = sourcecode.c.h; path = "NSUserDefaults-HAK.h"; sourceTree = "<group>"; };
		CCA59FE519A27A36003725CC /* HAPAccessoryKit.framework */ = {isa = PBXFileReference; lastKnownFileType = wrapper.framework; name = HAPAccessoryKit.framework; path = "/Applications/HomeKit Accessory Simulator.app/Contents/Frameworks/HAPAccessoryKit.framework"; sourceTree = "<absolute>"; };
/* End PBXFileReference section */

/* Begin PBXFrameworksBuildPhase section */
		CC467F441978E8DB00581A31 /* Frameworks */ = {
			isa = PBXFrameworksBuildPhase;
			buildActionMask = 2147483647;
			files = (
				CC7CA82C197927A3001033F9 /* HueSDK_OSX.framework in Frameworks */,
				CC7CA82D197927A3001033F9 /* SystemConfiguration.framework in Frameworks */,
				CCA59FE619A27A36003725CC /* HAPAccessoryKit.framework in Frameworks */,
				CC7CA82E197927A3001033F9 /* Cocoa.framework in Frameworks */,
			);
			runOnlyForDeploymentPostprocessing = 0;
		};
		CC467F571978E8DB00581A31 /* Frameworks */ = {
			isa = PBXFrameworksBuildPhase;
			buildActionMask = 2147483647;
			files = (
			);
			runOnlyForDeploymentPostprocessing = 0;
		};
/* End PBXFrameworksBuildPhase section */

/* Begin PBXGroup section */
		CC467F3E1978E8DB00581A31 = {
			isa = PBXGroup;
			children = (
				CC467F491978E8DB00581A31 /* HomeKitBridge */,
				CC467F5D1978E8DB00581A31 /* HomeKitBridgeTests */,
				CC467F481978E8DB00581A31 /* Products */,
			);
			sourceTree = "<group>";
		};
		CC467F481978E8DB00581A31 /* Products */ = {
			isa = PBXGroup;
			children = (
				CC467F471978E8DB00581A31 /* HomeKitBridge.app */,
				CC467F5A1978E8DB00581A31 /* HomeKitBridgeTests.xctest */,
			);
			name = Products;
			sourceTree = "<group>";
		};
		CC467F491978E8DB00581A31 /* HomeKitBridge */ = {
			isa = PBXGroup;
			children = (
				CC467F4E1978E8DB00581A31 /* AppDelegate.h */,
				CC467F4F1978E8DB00581A31 /* AppDelegate.m */,
				CC7CA82F197927B1001033F9 /* SimpleHue.h */,
				CC7CA830197927B1001033F9 /* SimpleHue.m */,
				CC7CA84E19793B24001033F9 /* HueLight.h */,
				CC7CA84F19793B24001033F9 /* HueLight.m */,
				CC7CA822197922DA001033F9 /* OTIHAPCore.h */,
				CC7CA823197922DA001033F9 /* OTIHAPCore.m */,
				CC7CA81A1979106C001033F9 /* OTIContentController.h */,
				CC7CA81B1979106C001033F9 /* OTIContentController.m */,
				CC7CA8211979121F001033F9 /* Views */,
				CC7CA82019791217001033F9 /* External */,
				CC467F511978E8DB00581A31 /* Images.xcassets */,
				CC467F531978E8DB00581A31 /* MainMenu.xib */,
				CC7CA82B1979278D001033F9 /* Frameworks */,
				CC467F4A1978E8DB00581A31 /* Supporting Files */,
			);
			path = HomeKitBridge;
			sourceTree = "<group>";
		};
		CC467F4A1978E8DB00581A31 /* Supporting Files */ = {
			isa = PBXGroup;
			children = (
				CC7CA81219790B70001033F9 /* HAPAccessoryKit */,
				CC467F4B1978E8DB00581A31 /* Info.plist */,
				CC467F4C1978E8DB00581A31 /* main.m */,
			);
			name = "Supporting Files";
			sourceTree = "<group>";
		};
		CC467F5D1978E8DB00581A31 /* HomeKitBridgeTests */ = {
			isa = PBXGroup;
			children = (
				CC467F601978E8DB00581A31 /* HomeKitBridgeTests.m */,
				CC467F5E1978E8DB00581A31 /* Supporting Files */,
			);
			path = HomeKitBridgeTests;
			sourceTree = "<group>";
		};
		CC467F5E1978E8DB00581A31 /* Supporting Files */ = {
			isa = PBXGroup;
			children = (
				CC467F5F1978E8DB00581A31 /* Info.plist */,
			);
			name = "Supporting Files";
			sourceTree = "<group>";
		};
		CC467F701978E92F00581A31 /* Headers */ = {
			isa = PBXGroup;
			children = (
				CC81AF7C19A63B1D006DB885 /* HAKAccessory.h */,
				CC81AF7D19A63B1D006DB885 /* HAKAccessoryDelegate.h */,
				CC81AF7E19A63B1D006DB885 /* HAKAccessoryInformationService.h */,
				CC81AF7F19A63B1D006DB885 /* HAKAccessoryKeychainObject.h */,
				CC81AF8019A63B1D006DB885 /* HAKAdministratorOnlyAccessCharacteristic.h */,
				CC81AF8119A63B1D006DB885 /* HAKArrayCharacteristic.h */,
				CC81AF8219A63B1D006DB885 /* HAKAudioFeedbackCharacteristic.h */,
				CC81AF8319A63B1D006DB885 /* HAKBoolCharacteristic.h */,
				CC81AF8419A63B1D006DB885 /* HAKBrightnessCharacteristic.h */,
				CC81AF8519A63B1D006DB885 /* HAKChaCha20.h */,
				CC81AF8619A63B1D006DB885 /* HAKChaCha20Poly1305.h */,
				CC81AF8719A63B1D006DB885 /* HAKChaChaPolyData.h */,
				CC81AF8819A63B1D006DB885 /* HAKCharacteristic.h */,
				CC81AF8919A63B1D006DB885 /* HAKClassVersion.h */,
				CC81AF8A19A63B1D006DB885 /* HAKConnection.h */,
				CC81AF8B19A63B1D006DB885 /* HAKControllerKeychainObject.h */,
				CC81AF8C19A63B1D006DB885 /* HAKCoolingThresholdTemperatureCharacteristic.h */,
				CC81AF8D19A63B1D006DB885 /* HAKCurrentDoorStateCharacteristic.h */,
				CC81AF8E19A63B1D006DB885 /* HAKCurrentHeatingCoolingModeCharacteristic.h */,
				CC81AF8F19A63B1D006DB885 /* HAKCurrentRelativeHumidityCharacteristic.h */,
				CC81AF9019A63B1D006DB885 /* HAKCurrentTemperatureCharacteristic.h */,
				CC81AF9119A63B1D006DB885 /* HAKCurve25519.h */,
				CC81AF9219A63B1D006DB885 /* HAKDataCharacteristic.h */,
				CC81AF9319A63B1D006DB885 /* HAKDateCharacteristic.h */,
				CC81AF9419A63B1D006DB885 /* HAKDeprecated.h */,
				CC81AF9519A63B1D006DB885 /* HAKDictionaryCharacteristic.h */,
				CC81AF9619A63B1D006DB885 /* HAKFloatCharacteristic.h */,
				CC81AF9719A63B1D006DB885 /* HAKGarageDoorOpenerService.h */,
				CC81AF9819A63B1D006DB885 /* HAKHeatingThresholdTemperatureCharacteristic.h */,
				CC81AF9919A63B1D006DB885 /* HAKHKDF.h */,
				CC81AF9A19A63B1D006DB885 /* HAKHTTPConnection.h */,
				CC81AF9B19A63B1D006DB885 /* HAKHTTPConnectionDelegate.h */,
				CC81AF9C19A63B1D006DB885 /* HAKHTTPMessage.h */,
				CC81AF9D19A63B1D006DB885 /* HAKHTTPRequestMessage.h */,
				CC81AF9E19A63B1D006DB885 /* HAKHTTPResponseMessage.h */,
				CC81AF9F19A63B1D006DB885 /* HAKHueCharacteristic.h */,
				CC81AFA019A63B1D006DB885 /* HAKIdentifyCharacteristic.h */,
				CC81AFA119A63B1D006DB885 /* HAKInstanceIDPool.h */,
				CC81AFA219A63B1D006DB885 /* HAKIntegerCharacteristic.h */,
				CC81AFA319A63B1D006DB885 /* HAKIPTransport.h */,
				CC81AFA419A63B1D006DB885 /* HAKKeychainKey.h */,
				CC81AFA519A63B1D006DB885 /* HAKKeychainService.h */,
				CC81AFA619A63B1D006DB885 /* HAKLightBulbService.h */,
				CC81AFA719A63B1D006DB885 /* HAKLockManagementAutoSecureTimeoutCharacteristic.h */,
				CC81AFA819A63B1D006DB885 /* HAKLockManagementControlPointCharacteristic.h */,
				CC81AFA919A63B1D006DB885 /* HAKLockManagementService.h */,
				CC81AFAA19A63B1D006DB885 /* HAKLockMechanismCurrentStateCharacteristic.h */,
				CC81AFAB19A63B1D006DB885 /* HAKLockMechanismLastKnownActionCharacteristic.h */,
				CC81AFAC19A63B1D006DB885 /* HAKLockMechanismService.h */,
				CC81AFAD19A63B1D006DB885 /* HAKLockMechanismTargetStateCharacteristic.h */,
				CC81AFAE19A63B1D006DB885 /* HAKLogger.h */,
				CC81AFAF19A63B1D006DB885 /* HAKLogsCharacteristic.h */,
				CC81AFB019A63B1D006DB885 /* HAKManufacturerCharacteristic.h */,
				CC81AFB119A63B1D006DB885 /* HAKModelCharacteristic.h */,
				CC81AFB219A63B1D006DB885 /* HAKMotionDetectedCharacteristic.h */,
				CC81AFB319A63B1D006DB885 /* HAKNameCharacteristic.h */,
				CC81AFB419A63B1D006DB885 /* HAKNetService.h */,
				CC81AFB519A63B1D006DB885 /* HAKNumberCharacteristic.h */,
				CC81AFB619A63B1D006DB885 /* HAKObstructionDetectedCharacteristic.h */,
				CC81AFB719A63B1D006DB885 /* HAKOnCharacteristic.h */,
				CC81AFB819A63B1D006DB885 /* HAKOutletInUseCharacteristic.h */,
				CC81AFB919A63B1D006DB885 /* HAKOutletService.h */,
				CC81AFBA19A63B1D006DB885 /* HAKPairingSession.h */,
				CC81AFBB19A63B1D006DB885 /* HAKPairingSessionDelegate.h */,
				CC81AFBC19A63B1D006DB885 /* HAKPairSetupSession.h */,
				CC81AFBD19A63B1D006DB885 /* HAKPairVerifySession.h */,
				CC81AFBE19A63B1D006DB885 /* HAKPairVerifySessionDelegate.h */,
				CC81AFBF19A63B1D006DB885 /* HAKPoly1305.h */,
				CC81AFC019A63B1D006DB885 /* HAKSaturationCharacteristic.h */,
				CC81AFC119A63B1D006DB885 /* HAKSecuritySession.h */,
				CC81AFC219A63B1D006DB885 /* HAKSecuritySessionPacket.h */,
				CC81AFC319A63B1D006DB885 /* HAKSerialNumberCharacteristic.h */,
				CC81AFC419A63B1D006DB885 /* HAKService.h */,
				CC81AFC519A63B1D006DB885 /* HAKServiceDelegate.h */,
				CC81AFC619A63B1D006DB885 /* HAKSocket.h */,
				CC81AFC719A63B1D006DB885 /* HAKSocketDelegate.h */,
				CC81AFC819A63B1D006DB885 /* HAKStringCharacteristic.h */,
				CC81AFC919A63B1D006DB885 /* HAKSwitchService.h */,
				CC81AFCA19A63B1D006DB885 /* HAKTargetDoorStateCharacteristic.h */,
				CC81AFCB19A63B1D006DB885 /* HAKTargetHeatingCoolingModeCharacteristic.h */,
				CC81AFCC19A63B1D006DB885 /* HAKTargetRelativeHumidityCharacteristic.h */,
				CC81AFCD19A63B1D006DB885 /* HAKTargetTemperatureCharacteristic.h */,
				CC81AFCE19A63B1D006DB885 /* HAKTemperatureUnitsCharacteristic.h */,
				CC81AFCF19A63B1D006DB885 /* HAKThermostatService.h */,
				CC81AFD019A63B1D006DB885 /* HAKTLV8Characteristic.h */,
				CC81AFD119A63B1D006DB885 /* HAKTLV8Container.h */,
				CC81AFD219A63B1D006DB885 /* HAKTLV8Packet.h */,
				CC81AFD319A63B1D006DB885 /* HAKTransport.h */,
				CC81AFD419A63B1D006DB885 /* HAKTransportManager.h */,
				CC81AFD519A63B1D006DB885 /* HAKUnsignedCharCharacteristic.h */,
				CC81AFD619A63B1D006DB885 /* HAKUnsignedIntCharacteristic.h */,
				CC81AFD719A63B1D006DB885 /* HAKUnsignedLongCharacteristic.h */,
				CC81AFD819A63B1D006DB885 /* HAKUnsignedShortCharacteristic.h */,
				CC81AFD919A63B1D006DB885 /* HAKUUID.h */,
				CC81AFDA19A63B1D006DB885 /* HAKVersionCharacteristic.h */,
				CC81AFDB19A63B1D006DB885 /* HAKVersionedArchiver.h */,
				CC81AFDC19A63B1D006DB885 /* HAKVersionedUnarchiver.h */,
				CC81AFDD19A63B1D006DB885 /* HAKVersioning.h */,
				CC81AFDE19A63B1D006DB885 /* NSCoding.h */,
				CC81AFDF19A63B1D006DB885 /* NSCopying.h */,
				CC81AFE019A63B1D006DB885 /* NSData-HAKChaChaPoly.h */,
				CC81AFE119A63B1D006DB885 /* NSDictionary-Safe.h */,
				CC81AFE219A63B1D006DB885 /* NSError-HAKError.h */,
				CC81AFE319A63B1D006DB885 /* NSKeyedUnarchiverDelegate.h */,
				CC81AFE419A63B1D006DB885 /* NSNetServiceDelegate.h */,
				CC81AFE519A63B1D006DB885 /* NSObject-Runtime.h */,
				CC81AFE619A63B1D006DB885 /* NSObject.h */,
				CC81AFE719A63B1D006DB885 /* NSStreamDelegate.h */,
				CC81AFE819A63B1D006DB885 /* NSString-NSData.h */,
				CC81AFE919A63B1D006DB885 /* NSURL-Query.h */,
				CC81AFEA19A63B1D006DB885 /* NSUserDefaults-HAK.h */,
			);
			name = Headers;
			sourceTree = "<group>";
		};
		CC7CA81219790B70001033F9 /* HAPAccessoryKit */ = {
			isa = PBXGroup;
			children = (
				CC467F701978E92F00581A31 /* Headers */,
			);
			name = HAPAccessoryKit;
			sourceTree = "<group>";
		};
		CC7CA82019791217001033F9 /* External */ = {
			isa = PBXGroup;
			children = (
				CC7CA83219792962001033F9 /* Lumberjack */,
				CC7CA81D197910A3001033F9 /* NSBezierPath+BezierPathQuartzUtilities.h */,
				CC7CA81E197910A3001033F9 /* NSBezierPath+BezierPathQuartzUtilities.m */,
			);
			name = External;
			sourceTree = "<group>";
		};
		CC7CA8211979121F001033F9 /* Views */ = {
			isa = PBXGroup;
			children = (
				CC7CA81319790B9F001033F9 /* OTIWindow.h */,
				CC7CA81419790B9F001033F9 /* OTIWindow.m */,
				CC7CA81619790C51001033F9 /* OTIContainerView.h */,
				CC7CA81719790C51001033F9 /* OTIContainerView.m */,
			);
			name = Views;
			sourceTree = "<group>";
		};
		CC7CA82B1979278D001033F9 /* Frameworks */ = {
			isa = PBXGroup;
			children = (
				CCA59FE519A27A36003725CC /* HAPAccessoryKit.framework */,
				CC7CA8251979275D001033F9 /* HueSDK_OSX.framework */,
				CC7CA82919792783001033F9 /* SystemConfiguration.framework */,
				CC7CA8271979277E001033F9 /* Cocoa.framework */,
			);
			name = Frameworks;
			path = ..;
			sourceTree = "<group>";
		};
		CC7CA83219792962001033F9 /* Lumberjack */ = {
			isa = PBXGroup;
			children = (
				CC7CA83319792962001033F9 /* DDAbstractDatabaseLogger.h */,
				CC7CA83419792962001033F9 /* DDAbstractDatabaseLogger.m */,
				CC7CA83519792962001033F9 /* DDASLLogger.h */,
				CC7CA83619792962001033F9 /* DDASLLogger.m */,
				CC7CA83719792962001033F9 /* DDFileLogger.h */,
				CC7CA83819792962001033F9 /* DDFileLogger.m */,
				CC7CA83919792962001033F9 /* DDLog.h */,
				CC7CA83A19792962001033F9 /* DDLog.m */,
				CC7CA83B19792962001033F9 /* DDTTYLogger.h */,
				CC7CA83C19792962001033F9 /* DDTTYLogger.m */,
				CC7CA83D19792962001033F9 /* Extensions */,
			);
			path = Lumberjack;
			sourceTree = "<group>";
		};
		CC7CA83D19792962001033F9 /* Extensions */ = {
			isa = PBXGroup;
			children = (
				CC7CA83E19792962001033F9 /* ContextFilterLogFormatter.h */,
				CC7CA83F19792962001033F9 /* ContextFilterLogFormatter.m */,
				CC7CA84019792962001033F9 /* DispatchQueueLogFormatter.h */,
				CC7CA84119792962001033F9 /* DispatchQueueLogFormatter.m */,
			);
			path = Extensions;
			sourceTree = "<group>";
		};
/* End PBXGroup section */

/* Begin PBXNativeTarget section */
		CC467F461978E8DB00581A31 /* HomeKitBridge */ = {
			isa = PBXNativeTarget;
			buildConfigurationList = CC467F641978E8DB00581A31 /* Build configuration list for PBXNativeTarget "HomeKitBridge" */;
			buildPhases = (
				CC467F431978E8DB00581A31 /* Sources */,
				CC467F441978E8DB00581A31 /* Frameworks */,
				CC467F451978E8DB00581A31 /* Resources */,
				CC7CA84B19792E3E001033F9 /* Embed Frameworks */,
			);
			buildRules = (
			);
			dependencies = (
			);
			name = HomeKitBridge;
			productName = HomeKitBridge;
			productReference = CC467F471978E8DB00581A31 /* HomeKitBridge.app */;
			productType = "com.apple.product-type.application";
		};
		CC467F591978E8DB00581A31 /* HomeKitBridgeTests */ = {
			isa = PBXNativeTarget;
			buildConfigurationList = CC467F671978E8DB00581A31 /* Build configuration list for PBXNativeTarget "HomeKitBridgeTests" */;
			buildPhases = (
				CC467F561978E8DB00581A31 /* Sources */,
				CC467F571978E8DB00581A31 /* Frameworks */,
				CC467F581978E8DB00581A31 /* Resources */,
			);
			buildRules = (
			);
			dependencies = (
				CC467F5C1978E8DB00581A31 /* PBXTargetDependency */,
				CC467F6B1978E8EE00581A31 /* PBXTargetDependency */,
				CC467F6D1978E8F200581A31 /* PBXTargetDependency */,
				CC467FCB1978ECBD00581A31 /* PBXTargetDependency */,
				CC467FCD1978ECBE00581A31 /* PBXTargetDependency */,
			);
			name = HomeKitBridgeTests;
			productName = HomeKitBridgeTests;
			productReference = CC467F5A1978E8DB00581A31 /* HomeKitBridgeTests.xctest */;
			productType = "com.apple.product-type.bundle.unit-test";
		};
/* End PBXNativeTarget section */

/* Begin PBXProject section */
		CC467F3F1978E8DB00581A31 /* Project object */ = {
			isa = PBXProject;
			attributes = {
				LastUpgradeCheck = 0600;
				ORGANIZATIONNAME = Oltica;
				TargetAttributes = {
					CC467F461978E8DB00581A31 = {
						CreatedOnToolsVersion = 6.0;
					};
					CC467F591978E8DB00581A31 = {
						CreatedOnToolsVersion = 6.0;
						TestTargetID = CC467F461978E8DB00581A31;
					};
				};
			};
			buildConfigurationList = CC467F421978E8DB00581A31 /* Build configuration list for PBXProject "HomeKitBridge" */;
			compatibilityVersion = "Xcode 3.2";
			developmentRegion = English;
			hasScannedForEncodings = 0;
			knownRegions = (
				en,
				Base,
			);
			mainGroup = CC467F3E1978E8DB00581A31;
			productRefGroup = CC467F481978E8DB00581A31 /* Products */;
			projectDirPath = "";
			projectRoot = "";
			targets = (
				CC467F461978E8DB00581A31 /* HomeKitBridge */,
				CC467F591978E8DB00581A31 /* HomeKitBridgeTests */,
			);
		};
/* End PBXProject section */

/* Begin PBXResourcesBuildPhase section */
		CC467F451978E8DB00581A31 /* Resources */ = {
			isa = PBXResourcesBuildPhase;
			buildActionMask = 2147483647;
			files = (
				CC467F521978E8DB00581A31 /* Images.xcassets in Resources */,
				CC467F551978E8DB00581A31 /* MainMenu.xib in Resources */,
			);
			runOnlyForDeploymentPostprocessing = 0;
		};
		CC467F581978E8DB00581A31 /* Resources */ = {
			isa = PBXResourcesBuildPhase;
			buildActionMask = 2147483647;
			files = (
			);
			runOnlyForDeploymentPostprocessing = 0;
		};
/* End PBXResourcesBuildPhase section */

/* Begin PBXSourcesBuildPhase section */
		CC467F431978E8DB00581A31 /* Sources */ = {
			isa = PBXSourcesBuildPhase;
			buildActionMask = 2147483647;
			files = (
				CC7CA84519792962001033F9 /* DDLog.m in Sources */,
				CC7CA84719792962001033F9 /* ContextFilterLogFormatter.m in Sources */,
				CC7CA81F197910A3001033F9 /* NSBezierPath+BezierPathQuartzUtilities.m in Sources */,
				CC7CA84419792962001033F9 /* DDFileLogger.m in Sources */,
				CC467F501978E8DB00581A31 /* AppDelegate.m in Sources */,
				CC7CA831197927B1001033F9 /* SimpleHue.m in Sources */,
				CC7CA81519790B9F001033F9 /* OTIWindow.m in Sources */,
				CC7CA84619792962001033F9 /* DDTTYLogger.m in Sources */,
				CC7CA84319792962001033F9 /* DDASLLogger.m in Sources */,
				CC7CA824197922DA001033F9 /* OTIHAPCore.m in Sources */,
				CC7CA84819792962001033F9 /* DispatchQueueLogFormatter.m in Sources */,
				CC7CA84219792962001033F9 /* DDAbstractDatabaseLogger.m in Sources */,
				CC467F4D1978E8DB00581A31 /* main.m in Sources */,
				CC7CA81C1979106C001033F9 /* OTIContentController.m in Sources */,
				CC7CA81819790C51001033F9 /* OTIContainerView.m in Sources */,
				CC7CA85019793B24001033F9 /* HueLight.m in Sources */,
			);
			runOnlyForDeploymentPostprocessing = 0;
		};
		CC467F561978E8DB00581A31 /* Sources */ = {
			isa = PBXSourcesBuildPhase;
			buildActionMask = 2147483647;
			files = (
				CC467F611978E8DB00581A31 /* HomeKitBridgeTests.m in Sources */,
			);
			runOnlyForDeploymentPostprocessing = 0;
		};
/* End PBXSourcesBuildPhase section */

/* Begin PBXTargetDependency section */
		CC467F5C1978E8DB00581A31 /* PBXTargetDependency */ = {
			isa = PBXTargetDependency;
			target = CC467F461978E8DB00581A31 /* HomeKitBridge */;
			targetProxy = CC467F5B1978E8DB00581A31 /* PBXContainerItemProxy */;
		};
		CC467F6B1978E8EE00581A31 /* PBXTargetDependency */ = {
			isa = PBXTargetDependency;
			target = CC467F461978E8DB00581A31 /* HomeKitBridge */;
			targetProxy = CC467F6A1978E8EE00581A31 /* PBXContainerItemProxy */;
		};
		CC467F6D1978E8F200581A31 /* PBXTargetDependency */ = {
			isa = PBXTargetDependency;
			target = CC467F461978E8DB00581A31 /* HomeKitBridge */;
			targetProxy = CC467F6C1978E8F200581A31 /* PBXContainerItemProxy */;
		};
		CC467FCB1978ECBD00581A31 /* PBXTargetDependency */ = {
			isa = PBXTargetDependency;
			target = CC467F461978E8DB00581A31 /* HomeKitBridge */;
			targetProxy = CC467FCA1978ECBD00581A31 /* PBXContainerItemProxy */;
		};
		CC467FCD1978ECBE00581A31 /* PBXTargetDependency */ = {
			isa = PBXTargetDependency;
			target = CC467F461978E8DB00581A31 /* HomeKitBridge */;
			targetProxy = CC467FCC1978ECBE00581A31 /* PBXContainerItemProxy */;
		};
/* End PBXTargetDependency section */

/* Begin PBXVariantGroup section */
		CC467F531978E8DB00581A31 /* MainMenu.xib */ = {
			isa = PBXVariantGroup;
			children = (
				CC467F541978E8DB00581A31 /* Base */,
			);
			name = MainMenu.xib;
			sourceTree = "<group>";
		};
/* End PBXVariantGroup section */

/* Begin XCBuildConfiguration section */
		CC467F621978E8DB00581A31 /* Debug */ = {
			isa = XCBuildConfiguration;
			buildSettings = {
				ALWAYS_SEARCH_USER_PATHS = NO;
				CLANG_CXX_LANGUAGE_STANDARD = "gnu++0x";
				CLANG_CXX_LIBRARY = "libc++";
				CLANG_ENABLE_MODULES = YES;
				CLANG_ENABLE_OBJC_ARC = YES;
				CLANG_WARN_BOOL_CONVERSION = YES;
				CLANG_WARN_CONSTANT_CONVERSION = YES;
				CLANG_WARN_DIRECT_OBJC_ISA_USAGE = YES_ERROR;
				CLANG_WARN_EMPTY_BODY = YES;
				CLANG_WARN_ENUM_CONVERSION = YES;
				CLANG_WARN_INT_CONVERSION = YES;
				CLANG_WARN_OBJC_ROOT_CLASS = YES_ERROR;
				CLANG_WARN_UNREACHABLE_CODE = YES;
				CLANG_WARN__DUPLICATE_METHOD_MATCH = YES;
				CODE_SIGN_IDENTITY = "-";
				COPY_PHASE_STRIP = NO;
				ENABLE_STRICT_OBJC_MSGSEND = YES;
				GCC_C_LANGUAGE_STANDARD = gnu99;
				GCC_DYNAMIC_NO_PIC = NO;
				GCC_OPTIMIZATION_LEVEL = 0;
				GCC_PREPROCESSOR_DEFINITIONS = (
					"DEBUG=1",
					"$(inherited)",
				);
				GCC_SYMBOLS_PRIVATE_EXTERN = NO;
				GCC_WARN_64_TO_32_BIT_CONVERSION = YES;
				GCC_WARN_ABOUT_RETURN_TYPE = YES_ERROR;
				GCC_WARN_UNDECLARED_SELECTOR = YES;
				GCC_WARN_UNINITIALIZED_AUTOS = YES_AGGRESSIVE;
				GCC_WARN_UNUSED_FUNCTION = YES;
				GCC_WARN_UNUSED_VARIABLE = YES;
				MACOSX_DEPLOYMENT_TARGET = 10.9;
				MTL_ENABLE_DEBUG_INFO = YES;
				ONLY_ACTIVE_ARCH = YES;
				SDKROOT = macosx10.9;
				VALID_ARCHS = x86_64;
			};
			name = Debug;
		};
		CC467F631978E8DB00581A31 /* Release */ = {
			isa = XCBuildConfiguration;
			buildSettings = {
				ALWAYS_SEARCH_USER_PATHS = NO;
				CLANG_CXX_LANGUAGE_STANDARD = "gnu++0x";
				CLANG_CXX_LIBRARY = "libc++";
				CLANG_ENABLE_MODULES = YES;
				CLANG_ENABLE_OBJC_ARC = YES;
				CLANG_WARN_BOOL_CONVERSION = YES;
				CLANG_WARN_CONSTANT_CONVERSION = YES;
				CLANG_WARN_DIRECT_OBJC_ISA_USAGE = YES_ERROR;
				CLANG_WARN_EMPTY_BODY = YES;
				CLANG_WARN_ENUM_CONVERSION = YES;
				CLANG_WARN_INT_CONVERSION = YES;
				CLANG_WARN_OBJC_ROOT_CLASS = YES_ERROR;
				CLANG_WARN_UNREACHABLE_CODE = YES;
				CLANG_WARN__DUPLICATE_METHOD_MATCH = YES;
				CODE_SIGN_IDENTITY = "-";
				COPY_PHASE_STRIP = YES;
				DEBUG_INFORMATION_FORMAT = "dwarf-with-dsym";
				ENABLE_NS_ASSERTIONS = NO;
				ENABLE_STRICT_OBJC_MSGSEND = YES;
				GCC_C_LANGUAGE_STANDARD = gnu99;
				GCC_WARN_64_TO_32_BIT_CONVERSION = YES;
				GCC_WARN_ABOUT_RETURN_TYPE = YES_ERROR;
				GCC_WARN_UNDECLARED_SELECTOR = YES;
				GCC_WARN_UNINITIALIZED_AUTOS = YES_AGGRESSIVE;
				GCC_WARN_UNUSED_FUNCTION = YES;
				GCC_WARN_UNUSED_VARIABLE = YES;
				MACOSX_DEPLOYMENT_TARGET = 10.9;
				MTL_ENABLE_DEBUG_INFO = NO;
				SDKROOT = macosx10.9;
				VALID_ARCHS = x86_64;
			};
			name = Release;
		};
		CC467F651978E8DB00581A31 /* Debug */ = {
			isa = XCBuildConfiguration;
			buildSettings = {
				ASSETCATALOG_COMPILER_APPICON_NAME = AppIcon;
				COMBINE_HIDPI_IMAGES = YES;
				FRAMEWORK_SEARCH_PATHS = (
					"$(inherited)",
					"$(PROJECT_DIR)/HomeKitBridge",
					"$(DEVELOPER_DIR)$(LOCAL_LIBRARY_DIR)/PrivateFrameworks",
					"\"/Applications/HomeKit Accessory Simulator.app/Contents/Frameworks\"",
				);
				INFOPLIST_FILE = HomeKitBridge/Info.plist;
				LD_RUNPATH_SEARCH_PATHS = "$(inherited) @executable_path/../Frameworks \"/Applications/HomeKit Accessory Simulator.app/Contents/Frameworks\"";
				OTHER_LDFLAGS = "-ObjC";
				PRODUCT_NAME = "$(TARGET_NAME)";
				SDKROOT = macosx10.9;
				VALID_ARCHS = x86_64;
			};
			name = Debug;
		};
		CC467F661978E8DB00581A31 /* Release */ = {
			isa = XCBuildConfiguration;
			buildSettings = {
				ASSETCATALOG_COMPILER_APPICON_NAME = AppIcon;
				COMBINE_HIDPI_IMAGES = YES;
				FRAMEWORK_SEARCH_PATHS = (
					"$(inherited)",
					"$(PROJECT_DIR)/HomeKitBridge",
					"$(DEVELOPER_DIR)$(LOCAL_LIBRARY_DIR)/PrivateFrameworks",
					"\"/Applications/HomeKit Accessory Simulator.app/Contents/Frameworks\"",
				);
				INFOPLIST_FILE = HomeKitBridge/Info.plist;
				LD_RUNPATH_SEARCH_PATHS = "$(inherited) @executable_path/../Frameworks \"/Applications/HomeKit Accessory Simulator.app/Contents/Frameworks\"";
				OTHER_LDFLAGS = "-ObjC";
				PRODUCT_NAME = "$(TARGET_NAME)";
				SDKROOT = macosx10.9;
				VALID_ARCHS = x86_64;
			};
			name = Release;
		};
		CC467F681978E8DB00581A31 /* Debug */ = {
			isa = XCBuildConfiguration;
			buildSettings = {
				BUNDLE_LOADER = "$(BUILT_PRODUCTS_DIR)/HomeKitBridge.app/Contents/MacOS/HomeKitBridge";
				COMBINE_HIDPI_IMAGES = YES;
				FRAMEWORK_SEARCH_PATHS = (
					"$(DEVELOPER_FRAMEWORKS_DIR)",
					"$(inherited)",
				);
				GCC_PREPROCESSOR_DEFINITIONS = (
					"DEBUG=1",
					"$(inherited)",
				);
				INFOPLIST_FILE = HomeKitBridgeTests/Info.plist;
				LD_RUNPATH_SEARCH_PATHS = "$(inherited) @executable_path/../Frameworks @loader_path/../Frameworks";
				PRODUCT_NAME = "$(TARGET_NAME)";
				TEST_HOST = "$(BUNDLE_LOADER)";
				VALID_ARCHS = x86_64;
			};
			name = Debug;
		};
		CC467F691978E8DB00581A31 /* Release */ = {
			isa = XCBuildConfiguration;
			buildSettings = {
				BUNDLE_LOADER = "$(BUILT_PRODUCTS_DIR)/HomeKitBridge.app/Contents/MacOS/HomeKitBridge";
				COMBINE_HIDPI_IMAGES = YES;
				FRAMEWORK_SEARCH_PATHS = (
					"$(DEVELOPER_FRAMEWORKS_DIR)",
					"$(inherited)",
				);
				INFOPLIST_FILE = HomeKitBridgeTests/Info.plist;
				LD_RUNPATH_SEARCH_PATHS = "$(inherited) @executable_path/../Frameworks @loader_path/../Frameworks";
				PRODUCT_NAME = "$(TARGET_NAME)";
				TEST_HOST = "$(BUNDLE_LOADER)";
				VALID_ARCHS = x86_64;
			};
			name = Release;
		};
/* End XCBuildConfiguration section */

/* Begin XCConfigurationList section */
		CC467F421978E8DB00581A31 /* Build configuration list for PBXProject "HomeKitBridge" */ = {
			isa = XCConfigurationList;
			buildConfigurations = (
				CC467F621978E8DB00581A31 /* Debug */,
				CC467F631978E8DB00581A31 /* Release */,
			);
			defaultConfigurationIsVisible = 0;
			defaultConfigurationName = Release;
		};
		CC467F641978E8DB00581A31 /* Build configuration list for PBXNativeTarget "HomeKitBridge" */ = {
			isa = XCConfigurationList;
			buildConfigurations = (
				CC467F651978E8DB00581A31 /* Debug */,
				CC467F661978E8DB00581A31 /* Release */,
			);
			defaultConfigurationIsVisible = 0;
			defaultConfigurationName = Release;
		};
		CC467F671978E8DB00581A31 /* Build configuration list for PBXNativeTarget "HomeKitBridgeTests" */ = {
			isa = XCConfigurationList;
			buildConfigurations = (
				CC467F681978E8DB00581A31 /* Debug */,
				CC467F691978E8DB00581A31 /* Release */,
			);
			defaultConfigurationIsVisible = 0;
			defaultConfigurationName = Release;
		};
/* End XCConfigurationList section */
	};
	rootObject = CC467F3F1978E8DB00581A31 /* Project object */;
}
