// !$*UTF8*$!
{
	archiveVersion = 1;
	classes = {
	};
	objectVersion = 46;
	objects = {

/* Begin PBXBuildFile section */
		CC467F4D1978E8DB00581A31 /* main.m in Sources */ = {isa = PBXBuildFile; fileRef = CC467F4C1978E8DB00581A31 /* main.m */; };
		CC467F501978E8DB00581A31 /* AppDelegate.m in Sources */ = {isa = PBXBuildFile; fileRef = CC467F4F1978E8DB00581A31 /* AppDelegate.m */; };
		CC467F521978E8DB00581A31 /* Images.xcassets in Resources */ = {isa = PBXBuildFile; fileRef = CC467F511978E8DB00581A31 /* Images.xcassets */; };
		CC467F551978E8DB00581A31 /* MainMenu.xib in Resources */ = {isa = PBXBuildFile; fileRef = CC467F531978E8DB00581A31 /* MainMenu.xib */; };
		CC7CA81519790B9F001033F9 /* OTIWindow.m in Sources */ = {isa = PBXBuildFile; fileRef = CC7CA81419790B9F001033F9 /* OTIWindow.m */; };
		CC7CA81819790C51001033F9 /* OTIContainerView.m in Sources */ = {isa = PBXBuildFile; fileRef = CC7CA81719790C51001033F9 /* OTIContainerView.m */; };
		CC7CA81C1979106C001033F9 /* OTIContentController.m in Sources */ = {isa = PBXBuildFile; fileRef = CC7CA81B1979106C001033F9 /* OTIContentController.m */; };
		CC7CA81F197910A3001033F9 /* NSBezierPath+BezierPathQuartzUtilities.m in Sources */ = {isa = PBXBuildFile; fileRef = CC7CA81E197910A3001033F9 /* NSBezierPath+BezierPathQuartzUtilities.m */; };
		CC7CA824197922DA001033F9 /* OTIHAPCore.m in Sources */ = {isa = PBXBuildFile; fileRef = CC7CA823197922DA001033F9 /* OTIHAPCore.m */; };
		CC7CA82C197927A3001033F9 /* HueSDK_OSX.framework in Frameworks */ = {isa = PBXBuildFile; fileRef = CC7CA8251979275D001033F9 /* HueSDK_OSX.framework */; };
		CC7CA82D197927A3001033F9 /* SystemConfiguration.framework in Frameworks */ = {isa = PBXBuildFile; fileRef = CC7CA82919792783001033F9 /* SystemConfiguration.framework */; };
		CC7CA82E197927A3001033F9 /* Cocoa.framework in Frameworks */ = {isa = PBXBuildFile; fileRef = CC7CA8271979277E001033F9 /* Cocoa.framework */; };
		CC7CA831197927B1001033F9 /* SimpleHue.m in Sources */ = {isa = PBXBuildFile; fileRef = CC7CA830197927B1001033F9 /* SimpleHue.m */; };
		CC7CA84219792962001033F9 /* DDAbstractDatabaseLogger.m in Sources */ = {isa = PBXBuildFile; fileRef = CC7CA83419792962001033F9 /* DDAbstractDatabaseLogger.m */; };
		CC7CA84319792962001033F9 /* DDASLLogger.m in Sources */ = {isa = PBXBuildFile; fileRef = CC7CA83619792962001033F9 /* DDASLLogger.m */; };
		CC7CA84419792962001033F9 /* DDFileLogger.m in Sources */ = {isa = PBXBuildFile; fileRef = CC7CA83819792962001033F9 /* DDFileLogger.m */; };
		CC7CA84519792962001033F9 /* DDLog.m in Sources */ = {isa = PBXBuildFile; fileRef = CC7CA83A19792962001033F9 /* DDLog.m */; };
		CC7CA84619792962001033F9 /* DDTTYLogger.m in Sources */ = {isa = PBXBuildFile; fileRef = CC7CA83C19792962001033F9 /* DDTTYLogger.m */; };
		CC7CA84719792962001033F9 /* ContextFilterLogFormatter.m in Sources */ = {isa = PBXBuildFile; fileRef = CC7CA83F19792962001033F9 /* ContextFilterLogFormatter.m */; };
		CC7CA84819792962001033F9 /* DispatchQueueLogFormatter.m in Sources */ = {isa = PBXBuildFile; fileRef = CC7CA84119792962001033F9 /* DispatchQueueLogFormatter.m */; };
		CC7CA84A19792E3D001033F9 /* HueSDK_OSX.framework in Embed Frameworks */ = {isa = PBXBuildFile; fileRef = CC7CA8251979275D001033F9 /* HueSDK_OSX.framework */; settings = {ATTRIBUTES = (CodeSignOnCopy, ); }; };
		CC7CA85019793B24001033F9 /* HueLight.m in Sources */ = {isa = PBXBuildFile; fileRef = CC7CA84F19793B24001033F9 /* HueLight.m */; };
		CCA59FE619A27A36003725CC /* HAPAccessoryKit.framework in Frameworks */ = {isa = PBXBuildFile; fileRef = CCA59FE519A27A36003725CC /* HAPAccessoryKit.framework */; };
/* End PBXBuildFile section */

/* Begin PBXCopyFilesBuildPhase section */
		CC7CA84B19792E3E001033F9 /* Embed Frameworks */ = {
			isa = PBXCopyFilesBuildPhase;
			buildActionMask = 2147483647;
			dstPath = "";
			dstSubfolderSpec = 10;
			files = (
				CC7CA84A19792E3D001033F9 /* HueSDK_OSX.framework in Embed Frameworks */,
			);
			name = "Embed Frameworks";
			runOnlyForDeploymentPostprocessing = 0;
		};
/* End PBXCopyFilesBuildPhase section */

/* Begin PBXFileReference section */
		CC467F471978E8DB00581A31 /* HomeKitBridge.app */ = {isa = PBXFileReference; explicitFileType = wrapper.application; includeInIndex = 0; path = HomeKitBridge.app; sourceTree = BUILT_PRODUCTS_DIR; };
		CC467F4B1978E8DB00581A31 /* Info.plist */ = {isa = PBXFileReference; lastKnownFileType = text.plist.xml; path = Info.plist; sourceTree = "<group>"; };
		CC467F4C1978E8DB00581A31 /* main.m */ = {isa = PBXFileReference; lastKnownFileType = sourcecode.c.objc; path = main.m; sourceTree = "<group>"; };
		CC467F4E1978E8DB00581A31 /* AppDelegate.h */ = {isa = PBXFileReference; lastKnownFileType = sourcecode.c.h; path = AppDelegate.h; sourceTree = "<group>"; };
		CC467F4F1978E8DB00581A31 /* AppDelegate.m */ = {isa = PBXFileReference; lastKnownFileType = sourcecode.c.objc; path = AppDelegate.m; sourceTree = "<group>"; };
		CC467F511978E8DB00581A31 /* Images.xcassets */ = {isa = PBXFileReference; lastKnownFileType = folder.assetcatalog; path = Images.xcassets; sourceTree = "<group>"; };
		CC467F541978E8DB00581A31 /* Base */ = {isa = PBXFileReference; lastKnownFileType = file.xib; name = Base; path = Base.lproj/MainMenu.xib; sourceTree = "<group>"; };
		CC7CA81319790B9F001033F9 /* OTIWindow.h */ = {isa = PBXFileReference; fileEncoding = 4; lastKnownFileType = sourcecode.c.h; path = OTIWindow.h; sourceTree = "<group>"; };
		CC7CA81419790B9F001033F9 /* OTIWindow.m */ = {isa = PBXFileReference; fileEncoding = 4; lastKnownFileType = sourcecode.c.objc; path = OTIWindow.m; sourceTree = "<group>"; };
		CC7CA81619790C51001033F9 /* OTIContainerView.h */ = {isa = PBXFileReference; fileEncoding = 4; lastKnownFileType = sourcecode.c.h; path = OTIContainerView.h; sourceTree = "<group>"; };
		CC7CA81719790C51001033F9 /* OTIContainerView.m */ = {isa = PBXFileReference; fileEncoding = 4; lastKnownFileType = sourcecode.c.objc; path = OTIContainerView.m; sourceTree = "<group>"; };
		CC7CA81A1979106C001033F9 /* OTIContentController.h */ = {isa = PBXFileReference; fileEncoding = 4; lastKnownFileType = sourcecode.c.h; path = OTIContentController.h; sourceTree = "<group>"; };
		CC7CA81B1979106C001033F9 /* OTIContentController.m */ = {isa = PBXFileReference; fileEncoding = 4; lastKnownFileType = sourcecode.c.objc; path = OTIContentController.m; sourceTree = "<group>"; };
		CC7CA81D197910A3001033F9 /* NSBezierPath+BezierPathQuartzUtilities.h */ = {isa = PBXFileReference; fileEncoding = 4; lastKnownFileType = sourcecode.c.h; path = "NSBezierPath+BezierPathQuartzUtilities.h"; sourceTree = "<group>"; };
		CC7CA81E197910A3001033F9 /* NSBezierPath+BezierPathQuartzUtilities.m */ = {isa = PBXFileReference; fileEncoding = 4; lastKnownFileType = sourcecode.c.objc; path = "NSBezierPath+BezierPathQuartzUtilities.m"; sourceTree = "<group>"; };
		CC7CA822197922DA001033F9 /* OTIHAPCore.h */ = {isa = PBXFileReference; fileEncoding = 4; lastKnownFileType = sourcecode.c.h; path = OTIHAPCore.h; sourceTree = "<group>"; };
		CC7CA823197922DA001033F9 /* OTIHAPCore.m */ = {isa = PBXFileReference; fileEncoding = 4; lastKnownFileType = sourcecode.c.objc; path = OTIHAPCore.m; sourceTree = "<group>"; };
		CC7CA8251979275D001033F9 /* HueSDK_OSX.framework */ = {isa = PBXFileReference; lastKnownFileType = wrapper.framework; name = HueSDK_OSX.framework; path = HomeKitBridge/HueSDK_OSX.framework; sourceTree = "<group>"; };
		CC7CA8271979277E001033F9 /* Cocoa.framework */ = {isa = PBXFileReference; lastKnownFileType = wrapper.framework; name = Cocoa.framework; path = System/Library/Frameworks/Cocoa.framework; sourceTree = SDKROOT; };
		CC7CA82919792783001033F9 /* SystemConfiguration.framework */ = {isa = PBXFileReference; lastKnownFileType = wrapper.framework; name = SystemConfiguration.framework; path = System/Library/Frameworks/SystemConfiguration.framework; sourceTree = SDKROOT; };
		CC7CA82F197927B1001033F9 /* SimpleHue.h */ = {isa = PBXFileReference; fileEncoding = 4; lastKnownFileType = sourcecode.c.h; path = SimpleHue.h; sourceTree = "<group>"; };
		CC7CA830197927B1001033F9 /* SimpleHue.m */ = {isa = PBXFileReference; fileEncoding = 4; lastKnownFileType = sourcecode.c.objc; path = SimpleHue.m; sourceTree = "<group>"; };
		CC7CA83319792962001033F9 /* DDAbstractDatabaseLogger.h */ = {isa = PBXFileReference; fileEncoding = 4; lastKnownFileType = sourcecode.c.h; path = DDAbstractDatabaseLogger.h; sourceTree = "<group>"; };
		CC7CA83419792962001033F9 /* DDAbstractDatabaseLogger.m */ = {isa = PBXFileReference; fileEncoding = 4; lastKnownFileType = sourcecode.c.objc; path = DDAbstractDatabaseLogger.m; sourceTree = "<group>"; };
		CC7CA83519792962001033F9 /* DDASLLogger.h */ = {isa = PBXFileReference; fileEncoding = 4; lastKnownFileType = sourcecode.c.h; path = DDASLLogger.h; sourceTree = "<group>"; };
		CC7CA83619792962001033F9 /* DDASLLogger.m */ = {isa = PBXFileReference; fileEncoding = 4; lastKnownFileType = sourcecode.c.objc; path = DDASLLogger.m; sourceTree = "<group>"; };
		CC7CA83719792962001033F9 /* DDFileLogger.h */ = {isa = PBXFileReference; fileEncoding = 4; lastKnownFileType = sourcecode.c.h; path = DDFileLogger.h; sourceTree = "<group>"; };
		CC7CA83819792962001033F9 /* DDFileLogger.m */ = {isa = PBXFileReference; fileEncoding = 4; lastKnownFileType = sourcecode.c.objc; path = DDFileLogger.m; sourceTree = "<group>"; };
		CC7CA83919792962001033F9 /* DDLog.h */ = {isa = PBXFileReference; fileEncoding = 4; lastKnownFileType = sourcecode.c.h; path = DDLog.h; sourceTree = "<group>"; };
		CC7CA83A19792962001033F9 /* DDLog.m */ = {isa = PBXFileReference; fileEncoding = 4; lastKnownFileType = sourcecode.c.objc; path = DDLog.m; sourceTree = "<group>"; };
		CC7CA83B19792962001033F9 /* DDTTYLogger.h */ = {isa = PBXFileReference; fileEncoding = 4; lastKnownFileType = sourcecode.c.h; path = DDTTYLogger.h; sourceTree = "<group>"; };
		CC7CA83C19792962001033F9 /* DDTTYLogger.m */ = {isa = PBXFileReference; fileEncoding = 4; lastKnownFileType = sourcecode.c.objc; path = DDTTYLogger.m; sourceTree = "<group>"; };
		CC7CA83E19792962001033F9 /* ContextFilterLogFormatter.h */ = {isa = PBXFileReference; fileEncoding = 4; lastKnownFileType = sourcecode.c.h; path = ContextFilterLogFormatter.h; sourceTree = "<group>"; };
		CC7CA83F19792962001033F9 /* ContextFilterLogFormatter.m */ = {isa = PBXFileReference; fileEncoding = 4; lastKnownFileType = sourcecode.c.objc; path = ContextFilterLogFormatter.m; sourceTree = "<group>"; };
		CC7CA84019792962001033F9 /* DispatchQueueLogFormatter.h */ = {isa = PBXFileReference; fileEncoding = 4; lastKnownFileType = sourcecode.c.h; path = DispatchQueueLogFormatter.h; sourceTree = "<group>"; };
		CC7CA84119792962001033F9 /* DispatchQueueLogFormatter.m */ = {isa = PBXFileReference; fileEncoding = 4; lastKnownFileType = sourcecode.c.objc; path = DispatchQueueLogFormatter.m; sourceTree = "<group>"; };
		CC7CA84E19793B24001033F9 /* HueLight.h */ = {isa = PBXFileReference; fileEncoding = 4; lastKnownFileType = sourcecode.c.h; path = HueLight.h; sourceTree = "<group>"; };
		CC7CA84F19793B24001033F9 /* HueLight.m */ = {isa = PBXFileReference; fileEncoding = 4; lastKnownFileType = sourcecode.c.objc; path = HueLight.m; sourceTree = "<group>"; };
		CCA59FE519A27A36003725CC /* HAPAccessoryKit.framework */ = {isa = PBXFileReference; lastKnownFileType = wrapper.framework; name = HAPAccessoryKit.framework; path = "/Applications/HomeKit Accessory Simulator.app/Contents/Frameworks/HAPAccessoryKit.framework"; sourceTree = "<absolute>"; };
		CCAA70E51AB246D200A3E261 /* HAKAccessory.h */ = {isa = PBXFileReference; lastKnownFileType = sourcecode.c.h; path = HAKAccessory.h; sourceTree = "<group>"; };
		CCAA70E61AB246D200A3E261 /* HAKAccessoryDelegate.h */ = {isa = PBXFileReference; lastKnownFileType = sourcecode.c.h; path = HAKAccessoryDelegate.h; sourceTree = "<group>"; };
		CCAA70E71AB246D200A3E261 /* HAKAccessoryInformationService.h */ = {isa = PBXFileReference; lastKnownFileType = sourcecode.c.h; path = HAKAccessoryInformationService.h; sourceTree = "<group>"; };
		CCAA70E81AB246D200A3E261 /* HAKAccessoryKeychainObject.h */ = {isa = PBXFileReference; lastKnownFileType = sourcecode.c.h; path = HAKAccessoryKeychainObject.h; sourceTree = "<group>"; };
		CCAA70E91AB246D200A3E261 /* HAKAddPairingSession.h */ = {isa = PBXFileReference; lastKnownFileType = sourcecode.c.h; path = HAKAddPairingSession.h; sourceTree = "<group>"; };
		CCAA70EA1AB246D200A3E261 /* HAKAddPairingSessionDelegate.h */ = {isa = PBXFileReference; lastKnownFileType = sourcecode.c.h; path = HAKAddPairingSessionDelegate.h; sourceTree = "<group>"; };
		CCAA70EB1AB246D200A3E261 /* HAKBTLEConnection.h */ = {isa = PBXFileReference; lastKnownFileType = sourcecode.c.h; path = HAKBTLEConnection.h; sourceTree = "<group>"; };
		CCAA70EC1AB246D200A3E261 /* HAKBTLESecuritySession.h */ = {isa = PBXFileReference; lastKnownFileType = sourcecode.c.h; path = HAKBTLESecuritySession.h; sourceTree = "<group>"; };
		CCAA70ED1AB246D200A3E261 /* HAKBTLETransport.h */ = {isa = PBXFileReference; lastKnownFileType = sourcecode.c.h; path = HAKBTLETransport.h; sourceTree = "<group>"; };
		CCAA70EE1AB246D200A3E261 /* HAKChaCha20.h */ = {isa = PBXFileReference; lastKnownFileType = sourcecode.c.h; path = HAKChaCha20.h; sourceTree = "<group>"; };
		CCAA70EF1AB246D200A3E261 /* HAKChaCha20Poly1305.h */ = {isa = PBXFileReference; lastKnownFileType = sourcecode.c.h; path = HAKChaCha20Poly1305.h; sourceTree = "<group>"; };
		CCAA70F01AB246D200A3E261 /* HAKChaChaPolyData.h */ = {isa = PBXFileReference; lastKnownFileType = sourcecode.c.h; path = HAKChaChaPolyData.h; sourceTree = "<group>"; };
		CCAA70F11AB246D200A3E261 /* HAKCharacteristic.h */ = {isa = PBXFileReference; lastKnownFileType = sourcecode.c.h; path = HAKCharacteristic.h; sourceTree = "<group>"; };
		CCAA70F21AB246D200A3E261 /* HAKCharacteristicMetadata.h */ = {isa = PBXFileReference; lastKnownFileType = sourcecode.c.h; path = HAKCharacteristicMetadata.h; sourceTree = "<group>"; };
		CCAA70F31AB246D200A3E261 /* HAKCharacteristicReadRequest.h */ = {isa = PBXFileReference; lastKnownFileType = sourcecode.c.h; path = HAKCharacteristicReadRequest.h; sourceTree = "<group>"; };
		CCAA70F41AB246D200A3E261 /* HAKCharacteristicReadResponse.h */ = {isa = PBXFileReference; lastKnownFileType = sourcecode.c.h; path = HAKCharacteristicReadResponse.h; sourceTree = "<group>"; };
		CCAA70F51AB246D200A3E261 /* HAKCharacteristicRequest.h */ = {isa = PBXFileReference; lastKnownFileType = sourcecode.c.h; path = HAKCharacteristicRequest.h; sourceTree = "<group>"; };
		CCAA70F61AB246D200A3E261 /* HAKCharacteristicResponse.h */ = {isa = PBXFileReference; lastKnownFileType = sourcecode.c.h; path = HAKCharacteristicResponse.h; sourceTree = "<group>"; };
		CCAA70F71AB246D200A3E261 /* HAKCharacteristicWriteRequest.h */ = {isa = PBXFileReference; lastKnownFileType = sourcecode.c.h; path = HAKCharacteristicWriteRequest.h; sourceTree = "<group>"; };
		CCAA70F81AB246D200A3E261 /* HAKCharacteristicWriteResponse.h */ = {isa = PBXFileReference; lastKnownFileType = sourcecode.c.h; path = HAKCharacteristicWriteResponse.h; sourceTree = "<group>"; };
		CCAA70F91AB246D200A3E261 /* HAKConnection.h */ = {isa = PBXFileReference; lastKnownFileType = sourcecode.c.h; path = HAKConnection.h; sourceTree = "<group>"; };
		CCAA70FA1AB246D200A3E261 /* HAKConnectionDelegate.h */ = {isa = PBXFileReference; lastKnownFileType = sourcecode.c.h; path = HAKConnectionDelegate.h; sourceTree = "<group>"; };
		CCAA70FB1AB246D200A3E261 /* HAKConstraintsFactory.h */ = {isa = PBXFileReference; lastKnownFileType = sourcecode.c.h; path = HAKConstraintsFactory.h; sourceTree = "<group>"; };
		CCAA70FC1AB246D200A3E261 /* HAKControllerKeychainObject.h */ = {isa = PBXFileReference; lastKnownFileType = sourcecode.c.h; path = HAKControllerKeychainObject.h; sourceTree = "<group>"; };
		CCAA70FD1AB246D200A3E261 /* HAKCurve25519.h */ = {isa = PBXFileReference; lastKnownFileType = sourcecode.c.h; path = HAKCurve25519.h; sourceTree = "<group>"; };
		CCAA70FE1AB246D200A3E261 /* HAKEnumerationConstraints.h */ = {isa = PBXFileReference; lastKnownFileType = sourcecode.c.h; path = HAKEnumerationConstraints.h; sourceTree = "<group>"; };
		CCAA70FF1AB246D200A3E261 /* HAKHKDF.h */ = {isa = PBXFileReference; lastKnownFileType = sourcecode.c.h; path = HAKHKDF.h; sourceTree = "<group>"; };
		CCAA71001AB246D200A3E261 /* HAKHTTPMessage.h */ = {isa = PBXFileReference; lastKnownFileType = sourcecode.c.h; path = HAKHTTPMessage.h; sourceTree = "<group>"; };
		CCAA71011AB246D200A3E261 /* HAKHTTPRequestMessage.h */ = {isa = PBXFileReference; lastKnownFileType = sourcecode.c.h; path = HAKHTTPRequestMessage.h; sourceTree = "<group>"; };
		CCAA71021AB246D200A3E261 /* HAKHTTPResponseMessage.h */ = {isa = PBXFileReference; lastKnownFileType = sourcecode.c.h; path = HAKHTTPResponseMessage.h; sourceTree = "<group>"; };
		CCAA71031AB246D200A3E261 /* HAKIdentifier.h */ = {isa = PBXFileReference; lastKnownFileType = sourcecode.c.h; path = HAKIdentifier.h; sourceTree = "<group>"; };
		CCAA71041AB246D200A3E261 /* HAKIdentifyCharacteristic.h */ = {isa = PBXFileReference; lastKnownFileType = sourcecode.c.h; path = HAKIdentifyCharacteristic.h; sourceTree = "<group>"; };
		CCAA71051AB246D200A3E261 /* HAKInstanceIDPool.h */ = {isa = PBXFileReference; lastKnownFileType = sourcecode.c.h; path = HAKInstanceIDPool.h; sourceTree = "<group>"; };
		CCAA71061AB246D200A3E261 /* HAKIPCharacteristicReadRequest.h */ = {isa = PBXFileReference; lastKnownFileType = sourcecode.c.h; path = HAKIPCharacteristicReadRequest.h; sourceTree = "<group>"; };
		CCAA71071AB246D200A3E261 /* HAKIPConnection.h */ = {isa = PBXFileReference; lastKnownFileType = sourcecode.c.h; path = HAKIPConnection.h; sourceTree = "<group>"; };
		CCAA71081AB246D200A3E261 /* HAKIPConnectionDelegate.h */ = {isa = PBXFileReference; lastKnownFileType = sourcecode.c.h; path = HAKIPConnectionDelegate.h; sourceTree = "<group>"; };
		CCAA71091AB246D200A3E261 /* HAKIPSecuritySession.h */ = {isa = PBXFileReference; lastKnownFileType = sourcecode.c.h; path = HAKIPSecuritySession.h; sourceTree = "<group>"; };
		CCAA710A1AB246D200A3E261 /* HAKIPTransport.h */ = {isa = PBXFileReference; lastKnownFileType = sourcecode.c.h; path = HAKIPTransport.h; sourceTree = "<group>"; };
		CCAA710B1AB246D200A3E261 /* HAKKeychainKey.h */ = {isa = PBXFileReference; lastKnownFileType = sourcecode.c.h; path = HAKKeychainKey.h; sourceTree = "<group>"; };
		CCAA710C1AB246D200A3E261 /* HAKKeychainService.h */ = {isa = PBXFileReference; lastKnownFileType = sourcecode.c.h; path = HAKKeychainService.h; sourceTree = "<group>"; };
		CCAA710D1AB246D200A3E261 /* HAKListPairingsSession.h */ = {isa = PBXFileReference; lastKnownFileType = sourcecode.c.h; path = HAKListPairingsSession.h; sourceTree = "<group>"; };
		CCAA710E1AB246D200A3E261 /* HAKListPairingsSessionDataSource.h */ = {isa = PBXFileReference; lastKnownFileType = sourcecode.c.h; path = HAKListPairingsSessionDataSource.h; sourceTree = "<group>"; };
		CCAA710F1AB246D200A3E261 /* HAKListPairingsSessionDelegate.h */ = {isa = PBXFileReference; lastKnownFileType = sourcecode.c.h; path = HAKListPairingsSessionDelegate.h; sourceTree = "<group>"; };
		CCAA71101AB246D200A3E261 /* HAKLogger.h */ = {isa = PBXFileReference; lastKnownFileType = sourcecode.c.h; path = HAKLogger.h; sourceTree = "<group>"; };
		CCAA71111AB246D200A3E261 /* HAKMetadata.h */ = {isa = PBXFileReference; lastKnownFileType = sourcecode.c.h; path = HAKMetadata.h; sourceTree = "<group>"; };
		CCAA71121AB246D200A3E261 /* HAKMetadataService.h */ = {isa = PBXFileReference; lastKnownFileType = sourcecode.c.h; path = HAKMetadataService.h; sourceTree = "<group>"; };
		CCAA71131AB246D200A3E261 /* HAKNetService.h */ = {isa = PBXFileReference; lastKnownFileType = sourcecode.c.h; path = HAKNetService.h; sourceTree = "<group>"; };
		CCAA71141AB246D200A3E261 /* HAKNumberConstraints.h */ = {isa = PBXFileReference; lastKnownFileType = sourcecode.c.h; path = HAKNumberConstraints.h; sourceTree = "<group>"; };
		CCAA71151AB246D200A3E261 /* HAKPairing.h */ = {isa = PBXFileReference; lastKnownFileType = sourcecode.c.h; path = HAKPairing.h; sourceTree = "<group>"; };
		CCAA71161AB246D200A3E261 /* HAKPairingCharacteristic.h */ = {isa = PBXFileReference; lastKnownFileType = sourcecode.c.h; path = HAKPairingCharacteristic.h; sourceTree = "<group>"; };
		CCAA71171AB246D200A3E261 /* HAKPairingsCharacteristic.h */ = {isa = PBXFileReference; lastKnownFileType = sourcecode.c.h; path = HAKPairingsCharacteristic.h; sourceTree = "<group>"; };
		CCAA71181AB246D200A3E261 /* HAKPairingService.h */ = {isa = PBXFileReference; lastKnownFileType = sourcecode.c.h; path = HAKPairingService.h; sourceTree = "<group>"; };
		CCAA71191AB246D200A3E261 /* HAKPairingSession.h */ = {isa = PBXFileReference; lastKnownFileType = sourcecode.c.h; path = HAKPairingSession.h; sourceTree = "<group>"; };
		CCAA711A1AB246D200A3E261 /* HAKPairingSessionDelegate.h */ = {isa = PBXFileReference; lastKnownFileType = sourcecode.c.h; path = HAKPairingSessionDelegate.h; sourceTree = "<group>"; };
		CCAA711B1AB246D200A3E261 /* HAKPairSetupCharacteristic.h */ = {isa = PBXFileReference; lastKnownFileType = sourcecode.c.h; path = HAKPairSetupCharacteristic.h; sourceTree = "<group>"; };
		CCAA711C1AB246D200A3E261 /* HAKPairSetupSession.h */ = {isa = PBXFileReference; lastKnownFileType = sourcecode.c.h; path = HAKPairSetupSession.h; sourceTree = "<group>"; };
		CCAA711D1AB246D200A3E261 /* HAKPairSetupSessionDelegate.h */ = {isa = PBXFileReference; lastKnownFileType = sourcecode.c.h; path = HAKPairSetupSessionDelegate.h; sourceTree = "<group>"; };
		CCAA711E1AB246D200A3E261 /* HAKPairVerifyCharacteristic.h */ = {isa = PBXFileReference; lastKnownFileType = sourcecode.c.h; path = HAKPairVerifyCharacteristic.h; sourceTree = "<group>"; };
		CCAA711F1AB246D200A3E261 /* HAKPairVerifySession.h */ = {isa = PBXFileReference; lastKnownFileType = sourcecode.c.h; path = HAKPairVerifySession.h; sourceTree = "<group>"; };
		CCAA71201AB246D200A3E261 /* HAKPairVerifySessionDelegate.h */ = {isa = PBXFileReference; lastKnownFileType = sourcecode.c.h; path = HAKPairVerifySessionDelegate.h; sourceTree = "<group>"; };
		CCAA71211AB246D200A3E261 /* HAKPoly1305.h */ = {isa = PBXFileReference; lastKnownFileType = sourcecode.c.h; path = HAKPoly1305.h; sourceTree = "<group>"; };
		CCAA71221AB246D200A3E261 /* HAKRemovePairingSession.h */ = {isa = PBXFileReference; lastKnownFileType = sourcecode.c.h; path = HAKRemovePairingSession.h; sourceTree = "<group>"; };
		CCAA71231AB246D200A3E261 /* HAKRemovePairingSessionDelegate.h */ = {isa = PBXFileReference; lastKnownFileType = sourcecode.c.h; path = HAKRemovePairingSessionDelegate.h; sourceTree = "<group>"; };
		CCAA71241AB246D200A3E261 /* HAKSecuritySession.h */ = {isa = PBXFileReference; lastKnownFileType = sourcecode.c.h; path = HAKSecuritySession.h; sourceTree = "<group>"; };
		CCAA71251AB246D200A3E261 /* HAKSecuritySessionPacket.h */ = {isa = PBXFileReference; lastKnownFileType = sourcecode.c.h; path = HAKSecuritySessionPacket.h; sourceTree = "<group>"; };
		CCAA71261AB246D200A3E261 /* HAKService.h */ = {isa = PBXFileReference; lastKnownFileType = sourcecode.c.h; path = HAKService.h; sourceTree = "<group>"; };
		CCAA71271AB246D200A3E261 /* HAKServiceDelegate.h */ = {isa = PBXFileReference; lastKnownFileType = sourcecode.c.h; path = HAKServiceDelegate.h; sourceTree = "<group>"; };
		CCAA71281AB246D200A3E261 /* HAKServiceMetadata.h */ = {isa = PBXFileReference; lastKnownFileType = sourcecode.c.h; path = HAKServiceMetadata.h; sourceTree = "<group>"; };
		CCAA71291AB246D200A3E261 /* HAKSocket.h */ = {isa = PBXFileReference; lastKnownFileType = sourcecode.c.h; path = HAKSocket.h; sourceTree = "<group>"; };
		CCAA712A1AB246D200A3E261 /* HAKSocketDelegate.h */ = {isa = PBXFileReference; lastKnownFileType = sourcecode.c.h; path = HAKSocketDelegate.h; sourceTree = "<group>"; };
		CCAA712B1AB246D200A3E261 /* HAKStringConstraints.h */ = {isa = PBXFileReference; lastKnownFileType = sourcecode.c.h; path = HAKStringConstraints.h; sourceTree = "<group>"; };
		CCAA712C1AB246D200A3E261 /* HAKTLV8Container.h */ = {isa = PBXFileReference; lastKnownFileType = sourcecode.c.h; path = HAKTLV8Container.h; sourceTree = "<group>"; };
		CCAA712D1AB246D200A3E261 /* HAKTLV8Packet.h */ = {isa = PBXFileReference; lastKnownFileType = sourcecode.c.h; path = HAKTLV8Packet.h; sourceTree = "<group>"; };
		CCAA712E1AB246D200A3E261 /* HAKTransport.h */ = {isa = PBXFileReference; lastKnownFileType = sourcecode.c.h; path = HAKTransport.h; sourceTree = "<group>"; };
		CCAA712F1AB246D200A3E261 /* HAKUUID.h */ = {isa = PBXFileReference; lastKnownFileType = sourcecode.c.h; path = HAKUUID.h; sourceTree = "<group>"; };
		CCAA71301AB246D200A3E261 /* HAKValueConstraints.h */ = {isa = PBXFileReference; lastKnownFileType = sourcecode.c.h; path = HAKValueConstraints.h; sourceTree = "<group>"; };
		CCAA71331AB246D200A3E261 /* NSData-Enumeration.h */ = {isa = PBXFileReference; lastKnownFileType = sourcecode.c.h; path = "NSData-Enumeration.h"; sourceTree = "<group>"; };
		CCAA71341AB246D200A3E261 /* NSData-HAKChaChaPoly.h */ = {isa = PBXFileReference; lastKnownFileType = sourcecode.c.h; path = "NSData-HAKChaChaPoly.h"; sourceTree = "<group>"; };
		CCAA71351AB246D200A3E261 /* NSDictionary-HAK.h */ = {isa = PBXFileReference; lastKnownFileType = sourcecode.c.h; path = "NSDictionary-HAK.h"; sourceTree = "<group>"; };
		CCAA71361AB246D200A3E261 /* NSDictionary-Safe.h */ = {isa = PBXFileReference; lastKnownFileType = sourcecode.c.h; path = "NSDictionary-Safe.h"; sourceTree = "<group>"; };
		CCAA71371AB246D200A3E261 /* NSError-HAKError.h */ = {isa = PBXFileReference; lastKnownFileType = sourcecode.c.h; path = "NSError-HAKError.h"; sourceTree = "<group>"; };
		CCAA71381AB246D200A3E261 /* NSFileManager-HAK.h */ = {isa = PBXFileReference; lastKnownFileType = sourcecode.c.h; path = "NSFileManager-HAK.h"; sourceTree = "<group>"; };
		CCAA71391AB246D200A3E261 /* NSMapTable-HAK.h */ = {isa = PBXFileReference; lastKnownFileType = sourcecode.c.h; path = "NSMapTable-HAK.h"; sourceTree = "<group>"; };
		CCAA713B1AB246D200A3E261 /* NSNumber-HAK.h */ = {isa = PBXFileReference; lastKnownFileType = sourcecode.c.h; path = "NSNumber-HAK.h"; sourceTree = "<group>"; };
		CCAA713E1AB246D200A3E261 /* NSString-NSData.h */ = {isa = PBXFileReference; lastKnownFileType = sourcecode.c.h; path = "NSString-NSData.h"; sourceTree = "<group>"; };
		CCAA713F1AB246D200A3E261 /* NSURL-Query.h */ = {isa = PBXFileReference; lastKnownFileType = sourcecode.c.h; path = "NSURL-Query.h"; sourceTree = "<group>"; };
		CCAA71401AB246D200A3E261 /* NSUserDefaults-HAK.h */ = {isa = PBXFileReference; lastKnownFileType = sourcecode.c.h; path = "NSUserDefaults-HAK.h"; sourceTree = "<group>"; };
/* End PBXFileReference section */

/* Begin PBXFrameworksBuildPhase section */
		CC467F441978E8DB00581A31 /* Frameworks */ = {
			isa = PBXFrameworksBuildPhase;
			buildActionMask = 2147483647;
			files = (
				CC7CA82C197927A3001033F9 /* HueSDK_OSX.framework in Frameworks */,
				CC7CA82D197927A3001033F9 /* SystemConfiguration.framework in Frameworks */,
				CCA59FE619A27A36003725CC /* HAPAccessoryKit.framework in Frameworks */,
				CC7CA82E197927A3001033F9 /* Cocoa.framework in Frameworks */,
			);
			runOnlyForDeploymentPostprocessing = 0;
		};
/* End PBXFrameworksBuildPhase section */

/* Begin PBXGroup section */
		CC467F3E1978E8DB00581A31 = {
			isa = PBXGroup;
			children = (
				CC467F491978E8DB00581A31 /* HomeKitBridge */,
				CC467F481978E8DB00581A31 /* Products */,
			);
			sourceTree = "<group>";
		};
		CC467F481978E8DB00581A31 /* Products */ = {
			isa = PBXGroup;
			children = (
				CC467F471978E8DB00581A31 /* HomeKitBridge.app */,
			);
			name = Products;
			sourceTree = "<group>";
		};
		CC467F491978E8DB00581A31 /* HomeKitBridge */ = {
			isa = PBXGroup;
			children = (
				CC467F4E1978E8DB00581A31 /* AppDelegate.h */,
				CC467F4F1978E8DB00581A31 /* AppDelegate.m */,
				CC7CA82F197927B1001033F9 /* SimpleHue.h */,
				CC7CA830197927B1001033F9 /* SimpleHue.m */,
				CC7CA84E19793B24001033F9 /* HueLight.h */,
				CC7CA84F19793B24001033F9 /* HueLight.m */,
				CC7CA822197922DA001033F9 /* OTIHAPCore.h */,
				CC7CA823197922DA001033F9 /* OTIHAPCore.m */,
				CC7CA81A1979106C001033F9 /* OTIContentController.h */,
				CC7CA81B1979106C001033F9 /* OTIContentController.m */,
				CC7CA8211979121F001033F9 /* Views */,
				CC7CA82019791217001033F9 /* External */,
				CC467F511978E8DB00581A31 /* Images.xcassets */,
				CC467F531978E8DB00581A31 /* MainMenu.xib */,
				CC7CA82B1979278D001033F9 /* Frameworks */,
				CC467F4A1978E8DB00581A31 /* Supporting Files */,
			);
			path = HomeKitBridge;
			sourceTree = "<group>";
		};
		CC467F4A1978E8DB00581A31 /* Supporting Files */ = {
			isa = PBXGroup;
			children = (
				CC7CA81219790B70001033F9 /* HAPAccessoryKit */,
				CC467F4B1978E8DB00581A31 /* Info.plist */,
				CC467F4C1978E8DB00581A31 /* main.m */,
			);
			name = "Supporting Files";
			sourceTree = "<group>";
		};
		CC467F701978E92F00581A31 /* Headers */ = {
			isa = PBXGroup;
			children = (
				CCAA70E51AB246D200A3E261 /* HAKAccessory.h */,
				CCAA70E61AB246D200A3E261 /* HAKAccessoryDelegate.h */,
				CCAA70E71AB246D200A3E261 /* HAKAccessoryInformationService.h */,
				CCAA70E81AB246D200A3E261 /* HAKAccessoryKeychainObject.h */,
				CCAA70E91AB246D200A3E261 /* HAKAddPairingSession.h */,
				CCAA70EA1AB246D200A3E261 /* HAKAddPairingSessionDelegate.h */,
				CCAA70EB1AB246D200A3E261 /* HAKBTLEConnection.h */,
				CCAA70EC1AB246D200A3E261 /* HAKBTLESecuritySession.h */,
				CCAA70ED1AB246D200A3E261 /* HAKBTLETransport.h */,
				CCAA70EE1AB246D200A3E261 /* HAKChaCha20.h */,
				CCAA70EF1AB246D200A3E261 /* HAKChaCha20Poly1305.h */,
				CCAA70F01AB246D200A3E261 /* HAKChaChaPolyData.h */,
				CCAA70F11AB246D200A3E261 /* HAKCharacteristic.h */,
				CCAA70F21AB246D200A3E261 /* HAKCharacteristicMetadata.h */,
				CCAA70F31AB246D200A3E261 /* HAKCharacteristicReadRequest.h */,
				CCAA70F41AB246D200A3E261 /* HAKCharacteristicReadResponse.h */,
				CCAA70F51AB246D200A3E261 /* HAKCharacteristicRequest.h */,
				CCAA70F61AB246D200A3E261 /* HAKCharacteristicResponse.h */,
				CCAA70F71AB246D200A3E261 /* HAKCharacteristicWriteRequest.h */,
				CCAA70F81AB246D200A3E261 /* HAKCharacteristicWriteResponse.h */,
				CCAA70F91AB246D200A3E261 /* HAKConnection.h */,
				CCAA70FA1AB246D200A3E261 /* HAKConnectionDelegate.h */,
				CCAA70FB1AB246D200A3E261 /* HAKConstraintsFactory.h */,
				CCAA70FC1AB246D200A3E261 /* HAKControllerKeychainObject.h */,
				CCAA70FD1AB246D200A3E261 /* HAKCurve25519.h */,
				CCAA70FE1AB246D200A3E261 /* HAKEnumerationConstraints.h */,
				CCAA70FF1AB246D200A3E261 /* HAKHKDF.h */,
				CCAA71001AB246D200A3E261 /* HAKHTTPMessage.h */,
				CCAA71011AB246D200A3E261 /* HAKHTTPRequestMessage.h */,
				CCAA71021AB246D200A3E261 /* HAKHTTPResponseMessage.h */,
				CCAA71031AB246D200A3E261 /* HAKIdentifier.h */,
				CCAA71041AB246D200A3E261 /* HAKIdentifyCharacteristic.h */,
				CCAA71051AB246D200A3E261 /* HAKInstanceIDPool.h */,
				CCAA71061AB246D200A3E261 /* HAKIPCharacteristicReadRequest.h */,
				CCAA71071AB246D200A3E261 /* HAKIPConnection.h */,
				CCAA71081AB246D200A3E261 /* HAKIPConnectionDelegate.h */,
				CCAA71091AB246D200A3E261 /* HAKIPSecuritySession.h */,
				CCAA710A1AB246D200A3E261 /* HAKIPTransport.h */,
				CCAA710B1AB246D200A3E261 /* HAKKeychainKey.h */,
				CCAA710C1AB246D200A3E261 /* HAKKeychainService.h */,
				CCAA710D1AB246D200A3E261 /* HAKListPairingsSession.h */,
				CCAA710E1AB246D200A3E261 /* HAKListPairingsSessionDataSource.h */,
				CCAA710F1AB246D200A3E261 /* HAKListPairingsSessionDelegate.h */,
				CCAA71101AB246D200A3E261 /* HAKLogger.h */,
				CCAA71111AB246D200A3E261 /* HAKMetadata.h */,
				CCAA71121AB246D200A3E261 /* HAKMetadataService.h */,
				CCAA71131AB246D200A3E261 /* HAKNetService.h */,
				CCAA71141AB246D200A3E261 /* HAKNumberConstraints.h */,
				CCAA71151AB246D200A3E261 /* HAKPairing.h */,
				CCAA71161AB246D200A3E261 /* HAKPairingCharacteristic.h */,
				CCAA71171AB246D200A3E261 /* HAKPairingsCharacteristic.h */,
				CCAA71181AB246D200A3E261 /* HAKPairingService.h */,
				CCAA71191AB246D200A3E261 /* HAKPairingSession.h */,
				CCAA711A1AB246D200A3E261 /* HAKPairingSessionDelegate.h */,
				CCAA711B1AB246D200A3E261 /* HAKPairSetupCharacteristic.h */,
				CCAA711C1AB246D200A3E261 /* HAKPairSetupSession.h */,
				CCAA711D1AB246D200A3E261 /* HAKPairSetupSessionDelegate.h */,
				CCAA711E1AB246D200A3E261 /* HAKPairVerifyCharacteristic.h */,
				CCAA711F1AB246D200A3E261 /* HAKPairVerifySession.h */,
				CCAA71201AB246D200A3E261 /* HAKPairVerifySessionDelegate.h */,
				CCAA71211AB246D200A3E261 /* HAKPoly1305.h */,
				CCAA71221AB246D200A3E261 /* HAKRemovePairingSession.h */,
				CCAA71231AB246D200A3E261 /* HAKRemovePairingSessionDelegate.h */,
				CCAA71241AB246D200A3E261 /* HAKSecuritySession.h */,
				CCAA71251AB246D200A3E261 /* HAKSecuritySessionPacket.h */,
				CCAA71261AB246D200A3E261 /* HAKService.h */,
				CCAA71271AB246D200A3E261 /* HAKServiceDelegate.h */,
				CCAA71281AB246D200A3E261 /* HAKServiceMetadata.h */,
				CCAA71291AB246D200A3E261 /* HAKSocket.h */,
				CCAA712A1AB246D200A3E261 /* HAKSocketDelegate.h */,
				CCAA712B1AB246D200A3E261 /* HAKStringConstraints.h */,
				CCAA712C1AB246D200A3E261 /* HAKTLV8Container.h */,
				CCAA712D1AB246D200A3E261 /* HAKTLV8Packet.h */,
				CCAA712E1AB246D200A3E261 /* HAKTransport.h */,
				CCAA712F1AB246D200A3E261 /* HAKUUID.h */,
				CCAA71301AB246D200A3E261 /* HAKValueConstraints.h */,
				CCAA71331AB246D200A3E261 /* NSData-Enumeration.h */,
				CCAA71341AB246D200A3E261 /* NSData-HAKChaChaPoly.h */,
				CCAA71351AB246D200A3E261 /* NSDictionary-HAK.h */,
				CCAA71361AB246D200A3E261 /* NSDictionary-Safe.h */,
				CCAA71371AB246D200A3E261 /* NSError-HAKError.h */,
				CCAA71381AB246D200A3E261 /* NSFileManager-HAK.h */,
				CCAA71391AB246D200A3E261 /* NSMapTable-HAK.h */,
				CCAA713B1AB246D200A3E261 /* NSNumber-HAK.h */,
				CCAA713E1AB246D200A3E261 /* NSString-NSData.h */,
				CCAA713F1AB246D200A3E261 /* NSURL-Query.h */,
				CCAA71401AB246D200A3E261 /* NSUserDefaults-HAK.h */,
			);
			name = Headers;
			sourceTree = "<group>";
		};
		CC7CA81219790B70001033F9 /* HAPAccessoryKit */ = {
			isa = PBXGroup;
			children = (
				CC467F701978E92F00581A31 /* Headers */,
			);
			name = HAPAccessoryKit;
			sourceTree = "<group>";
		};
		CC7CA82019791217001033F9 /* External */ = {
			isa = PBXGroup;
			children = (
				CC7CA83219792962001033F9 /* Lumberjack */,
				CC7CA81D197910A3001033F9 /* NSBezierPath+BezierPathQuartzUtilities.h */,
				CC7CA81E197910A3001033F9 /* NSBezierPath+BezierPathQuartzUtilities.m */,
			);
			name = External;
			sourceTree = "<group>";
		};
		CC7CA8211979121F001033F9 /* Views */ = {
			isa = PBXGroup;
			children = (
				CC7CA81319790B9F001033F9 /* OTIWindow.h */,
				CC7CA81419790B9F001033F9 /* OTIWindow.m */,
				CC7CA81619790C51001033F9 /* OTIContainerView.h */,
				CC7CA81719790C51001033F9 /* OTIContainerView.m */,
			);
			name = Views;
			sourceTree = "<group>";
		};
		CC7CA82B1979278D001033F9 /* Frameworks */ = {
			isa = PBXGroup;
			children = (
				CCA59FE519A27A36003725CC /* HAPAccessoryKit.framework */,
				CC7CA8251979275D001033F9 /* HueSDK_OSX.framework */,
				CC7CA82919792783001033F9 /* SystemConfiguration.framework */,
				CC7CA8271979277E001033F9 /* Cocoa.framework */,
			);
			name = Frameworks;
			path = ..;
			sourceTree = "<group>";
		};
		CC7CA83219792962001033F9 /* Lumberjack */ = {
			isa = PBXGroup;
			children = (
				CC7CA83319792962001033F9 /* DDAbstractDatabaseLogger.h */,
				CC7CA83419792962001033F9 /* DDAbstractDatabaseLogger.m */,
				CC7CA83519792962001033F9 /* DDASLLogger.h */,
				CC7CA83619792962001033F9 /* DDASLLogger.m */,
				CC7CA83719792962001033F9 /* DDFileLogger.h */,
				CC7CA83819792962001033F9 /* DDFileLogger.m */,
				CC7CA83919792962001033F9 /* DDLog.h */,
				CC7CA83A19792962001033F9 /* DDLog.m */,
				CC7CA83B19792962001033F9 /* DDTTYLogger.h */,
				CC7CA83C19792962001033F9 /* DDTTYLogger.m */,
				CC7CA83D19792962001033F9 /* Extensions */,
			);
			path = Lumberjack;
			sourceTree = "<group>";
		};
		CC7CA83D19792962001033F9 /* Extensions */ = {
			isa = PBXGroup;
			children = (
				CC7CA83E19792962001033F9 /* ContextFilterLogFormatter.h */,
				CC7CA83F19792962001033F9 /* ContextFilterLogFormatter.m */,
				CC7CA84019792962001033F9 /* DispatchQueueLogFormatter.h */,
				CC7CA84119792962001033F9 /* DispatchQueueLogFormatter.m */,
			);
			path = Extensions;
			sourceTree = "<group>";
		};
/* End PBXGroup section */

/* Begin PBXNativeTarget section */
		CC467F461978E8DB00581A31 /* HomeKitBridge */ = {
			isa = PBXNativeTarget;
			buildConfigurationList = CC467F641978E8DB00581A31 /* Build configuration list for PBXNativeTarget "HomeKitBridge" */;
			buildPhases = (
				CC467F431978E8DB00581A31 /* Sources */,
				CC467F441978E8DB00581A31 /* Frameworks */,
				CC467F451978E8DB00581A31 /* Resources */,
				CC7CA84B19792E3E001033F9 /* Embed Frameworks */,
			);
			buildRules = (
			);
			dependencies = (
			);
			name = HomeKitBridge;
			productName = HomeKitBridge;
			productReference = CC467F471978E8DB00581A31 /* HomeKitBridge.app */;
			productType = "com.apple.product-type.application";
		};
/* End PBXNativeTarget section */

/* Begin PBXProject section */
		CC467F3F1978E8DB00581A31 /* Project object */ = {
			isa = PBXProject;
			attributes = {
				LastUpgradeCheck = 0630;
				ORGANIZATIONNAME = Oltica;
				TargetAttributes = {
					CC467F461978E8DB00581A31 = {
						CreatedOnToolsVersion = 6.0;
					};
				};
			};
			buildConfigurationList = CC467F421978E8DB00581A31 /* Build configuration list for PBXProject "HomeKitBridge" */;
			compatibilityVersion = "Xcode 3.2";
			developmentRegion = English;
			hasScannedForEncodings = 0;
			knownRegions = (
				en,
				Base,
			);
			mainGroup = CC467F3E1978E8DB00581A31;
			productRefGroup = CC467F481978E8DB00581A31 /* Products */;
			projectDirPath = "";
			projectRoot = "";
			targets = (
				CC467F461978E8DB00581A31 /* HomeKitBridge */,
			);
		};
/* End PBXProject section */

/* Begin PBXResourcesBuildPhase section */
		CC467F451978E8DB00581A31 /* Resources */ = {
			isa = PBXResourcesBuildPhase;
			buildActionMask = 2147483647;
			files = (
				CC467F521978E8DB00581A31 /* Images.xcassets in Resources */,
				CC467F551978E8DB00581A31 /* MainMenu.xib in Resources */,
			);
			runOnlyForDeploymentPostprocessing = 0;
		};
/* End PBXResourcesBuildPhase section */

/* Begin PBXSourcesBuildPhase section */
		CC467F431978E8DB00581A31 /* Sources */ = {
			isa = PBXSourcesBuildPhase;
			buildActionMask = 2147483647;
			files = (
				CC7CA84519792962001033F9 /* DDLog.m in Sources */,
				CC7CA84719792962001033F9 /* ContextFilterLogFormatter.m in Sources */,
				CC7CA81F197910A3001033F9 /* NSBezierPath+BezierPathQuartzUtilities.m in Sources */,
				CC7CA84419792962001033F9 /* DDFileLogger.m in Sources */,
				CC467F501978E8DB00581A31 /* AppDelegate.m in Sources */,
				CC7CA831197927B1001033F9 /* SimpleHue.m in Sources */,
				CC7CA81519790B9F001033F9 /* OTIWindow.m in Sources */,
				CC7CA84619792962001033F9 /* DDTTYLogger.m in Sources */,
				CC7CA84319792962001033F9 /* DDASLLogger.m in Sources */,
				CC7CA824197922DA001033F9 /* OTIHAPCore.m in Sources */,
				CC7CA84819792962001033F9 /* DispatchQueueLogFormatter.m in Sources */,
				CC7CA84219792962001033F9 /* DDAbstractDatabaseLogger.m in Sources */,
				CC467F4D1978E8DB00581A31 /* main.m in Sources */,
				CC7CA81C1979106C001033F9 /* OTIContentController.m in Sources */,
				CC7CA81819790C51001033F9 /* OTIContainerView.m in Sources */,
				CC7CA85019793B24001033F9 /* HueLight.m in Sources */,
			);
			runOnlyForDeploymentPostprocessing = 0;
		};
/* End PBXSourcesBuildPhase section */

/* Begin PBXVariantGroup section */
		CC467F531978E8DB00581A31 /* MainMenu.xib */ = {
			isa = PBXVariantGroup;
			children = (
				CC467F541978E8DB00581A31 /* Base */,
			);
			name = MainMenu.xib;
			sourceTree = "<group>";
		};
/* End PBXVariantGroup section */

/* Begin XCBuildConfiguration section */
		CC467F621978E8DB00581A31 /* Debug */ = {
			isa = XCBuildConfiguration;
			buildSettings = {
				ALWAYS_SEARCH_USER_PATHS = NO;
				CLANG_CXX_LANGUAGE_STANDARD = "gnu++0x";
				CLANG_CXX_LIBRARY = "libc++";
				CLANG_ENABLE_MODULES = YES;
				CLANG_ENABLE_OBJC_ARC = YES;
				CLANG_WARN_BOOL_CONVERSION = YES;
				CLANG_WARN_CONSTANT_CONVERSION = YES;
				CLANG_WARN_DIRECT_OBJC_ISA_USAGE = YES_ERROR;
				CLANG_WARN_EMPTY_BODY = YES;
				CLANG_WARN_ENUM_CONVERSION = YES;
				CLANG_WARN_INT_CONVERSION = YES;
				CLANG_WARN_OBJC_ROOT_CLASS = YES_ERROR;
				CLANG_WARN_UNREACHABLE_CODE = YES;
				CLANG_WARN__DUPLICATE_METHOD_MATCH = YES;
				CODE_SIGN_IDENTITY = "-";
				COPY_PHASE_STRIP = NO;
				ENABLE_STRICT_OBJC_MSGSEND = YES;
				GCC_C_LANGUAGE_STANDARD = gnu99;
				GCC_DYNAMIC_NO_PIC = NO;
				GCC_OPTIMIZATION_LEVEL = 0;
				GCC_PREPROCESSOR_DEFINITIONS = (
					"DEBUG=1",
					"$(inherited)",
				);
				GCC_SYMBOLS_PRIVATE_EXTERN = NO;
				GCC_WARN_64_TO_32_BIT_CONVERSION = YES;
				GCC_WARN_ABOUT_RETURN_TYPE = YES_ERROR;
				GCC_WARN_UNDECLARED_SELECTOR = YES;
				GCC_WARN_UNINITIALIZED_AUTOS = YES_AGGRESSIVE;
				GCC_WARN_UNUSED_FUNCTION = YES;
				GCC_WARN_UNUSED_VARIABLE = YES;
				MACOSX_DEPLOYMENT_TARGET = 10.9;
				MTL_ENABLE_DEBUG_INFO = YES;
				ONLY_ACTIVE_ARCH = YES;
				SDKROOT = macosx;
				VALID_ARCHS = x86_64;
			};
			name = Debug;
		};
		CC467F631978E8DB00581A31 /* Release */ = {
			isa = XCBuildConfiguration;
			buildSettings = {
				ALWAYS_SEARCH_USER_PATHS = NO;
				CLANG_CXX_LANGUAGE_STANDARD = "gnu++0x";
				CLANG_CXX_LIBRARY = "libc++";
				CLANG_ENABLE_MODULES = YES;
				CLANG_ENABLE_OBJC_ARC = YES;
				CLANG_WARN_BOOL_CONVERSION = YES;
				CLANG_WARN_CONSTANT_CONVERSION = YES;
				CLANG_WARN_DIRECT_OBJC_ISA_USAGE = YES_ERROR;
				CLANG_WARN_EMPTY_BODY = YES;
				CLANG_WARN_ENUM_CONVERSION = YES;
				CLANG_WARN_INT_CONVERSION = YES;
				CLANG_WARN_OBJC_ROOT_CLASS = YES_ERROR;
				CLANG_WARN_UNREACHABLE_CODE = YES;
				CLANG_WARN__DUPLICATE_METHOD_MATCH = YES;
				CODE_SIGN_IDENTITY = "-";
				COPY_PHASE_STRIP = YES;
				DEBUG_INFORMATION_FORMAT = "dwarf-with-dsym";
				ENABLE_NS_ASSERTIONS = NO;
				ENABLE_STRICT_OBJC_MSGSEND = YES;
				GCC_C_LANGUAGE_STANDARD = gnu99;
				GCC_WARN_64_TO_32_BIT_CONVERSION = YES;
				GCC_WARN_ABOUT_RETURN_TYPE = YES_ERROR;
				GCC_WARN_UNDECLARED_SELECTOR = YES;
				GCC_WARN_UNINITIALIZED_AUTOS = YES_AGGRESSIVE;
				GCC_WARN_UNUSED_FUNCTION = YES;
				GCC_WARN_UNUSED_VARIABLE = YES;
				MACOSX_DEPLOYMENT_TARGET = 10.9;
				MTL_ENABLE_DEBUG_INFO = NO;
				SDKROOT = macosx;
				VALID_ARCHS = x86_64;
			};
			name = Release;
		};
		CC467F651978E8DB00581A31 /* Debug */ = {
			isa = XCBuildConfiguration;
			buildSettings = {
				ASSETCATALOG_COMPILER_APPICON_NAME = AppIcon;
				COMBINE_HIDPI_IMAGES = YES;
				FRAMEWORK_SEARCH_PATHS = (
					"$(inherited)",
					"$(PROJECT_DIR)/HomeKitBridge",
					"$(DEVELOPER_DIR)$(LOCAL_LIBRARY_DIR)/PrivateFrameworks",
					"\"/Applications/HomeKit Accessory Simulator.app/Contents/Frameworks\"",
				);
				INFOPLIST_FILE = HomeKitBridge/Info.plist;
				LD_RUNPATH_SEARCH_PATHS = "$(inherited) @executable_path/../Frameworks \"/Applications/HomeKit Accessory Simulator.app/Contents/Frameworks\"";
				OTHER_LDFLAGS = "-ObjC";
				PRODUCT_NAME = "$(TARGET_NAME)";
				SDKROOT = macosx;
				VALID_ARCHS = x86_64;
			};
			name = Debug;
		};
		CC467F661978E8DB00581A31 /* Release */ = {
			isa = XCBuildConfiguration;
			buildSettings = {
				ASSETCATALOG_COMPILER_APPICON_NAME = AppIcon;
				COMBINE_HIDPI_IMAGES = YES;
				FRAMEWORK_SEARCH_PATHS = (
					"$(inherited)",
					"$(PROJECT_DIR)/HomeKitBridge",
					"$(DEVELOPER_DIR)$(LOCAL_LIBRARY_DIR)/PrivateFrameworks",
					"\"/Applications/HomeKit Accessory Simulator.app/Contents/Frameworks\"",
				);
				INFOPLIST_FILE = HomeKitBridge/Info.plist;
				LD_RUNPATH_SEARCH_PATHS = "$(inherited) @executable_path/../Frameworks \"/Applications/HomeKit Accessory Simulator.app/Contents/Frameworks\"";
				OTHER_LDFLAGS = "-ObjC";
				PRODUCT_NAME = "$(TARGET_NAME)";
				SDKROOT = macosx;
				VALID_ARCHS = x86_64;
			};
			name = Release;
		};
/* End XCBuildConfiguration section */

/* Begin XCConfigurationList section */
		CC467F421978E8DB00581A31 /* Build configuration list for PBXProject "HomeKitBridge" */ = {
			isa = XCConfigurationList;
			buildConfigurations = (
				CC467F621978E8DB00581A31 /* Debug */,
				CC467F631978E8DB00581A31 /* Release */,
			);
			defaultConfigurationIsVisible = 0;
			defaultConfigurationName = Release;
		};
		CC467F641978E8DB00581A31 /* Build configuration list for PBXNativeTarget "HomeKitBridge" */ = {
			isa = XCConfigurationList;
			buildConfigurations = (
				CC467F651978E8DB00581A31 /* Debug */,
				CC467F661978E8DB00581A31 /* Release */,
			);
			defaultConfigurationIsVisible = 0;
			defaultConfigurationName = Release;
		};
/* End XCConfigurationList section */
	};
	rootObject = CC467F3F1978E8DB00581A31 /* Project object */;
}
